// !$*UTF8*$!
{
	archiveVersion = 1;
	classes = {
	};
	objectVersion = 56;
	objects = {

/* Begin PBXBuildFile section */
		0F34FBE02BC105560083F5B0 /* ContactListener.h in Sources */ = {isa = PBXBuildFile; fileRef = 0F748B132BC102600044C521 /* ContactListener.h */; };
		0F5D23392BC1BBBD007883BC /* RaycastCallback.h in Sources */ = {isa = PBXBuildFile; fileRef = 0F5D23382BC1BAF5007883BC /* RaycastCallback.h */; };
		0F5D24B02BC26027007883BC /* Event.h in Sources */ = {isa = PBXBuildFile; fileRef = 0F5D24AF2BC25977007883BC /* Event.h */; };
		0F7489BC2BBFD98C0044C521 /* b2_api.h in Sources */ = {isa = PBXBuildFile; fileRef = 0F2D66AE2BBFBE7C001FE151 /* b2_api.h */; };
		0F7489BD2BBFD98C0044C521 /* b2_block_allocator.h in Sources */ = {isa = PBXBuildFile; fileRef = 0F2D66AF2BBFBE7C001FE151 /* b2_block_allocator.h */; };
		0F7489BE2BBFD98D0044C521 /* b2_body.h in Sources */ = {isa = PBXBuildFile; fileRef = 0F2D66B02BBFBE7C001FE151 /* b2_body.h */; };
		0F7489BF2BBFD98D0044C521 /* b2_broad_phase.h in Sources */ = {isa = PBXBuildFile; fileRef = 0F2D66B12BBFBE7C001FE151 /* b2_broad_phase.h */; };
		0F7489C02BBFD98D0044C521 /* b2_chain_shape.h in Sources */ = {isa = PBXBuildFile; fileRef = 0F2D66B22BBFBE7C001FE151 /* b2_chain_shape.h */; };
		0F7489C12BBFD98D0044C521 /* b2_circle_shape.h in Sources */ = {isa = PBXBuildFile; fileRef = 0F2D66B32BBFBE7C001FE151 /* b2_circle_shape.h */; };
		0F7489C22BBFD98D0044C521 /* b2_collision.h in Sources */ = {isa = PBXBuildFile; fileRef = 0F2D66B42BBFBE7C001FE151 /* b2_collision.h */; };
		0F7489C32BBFD98D0044C521 /* b2_common.h in Sources */ = {isa = PBXBuildFile; fileRef = 0F2D66B52BBFBE7C001FE151 /* b2_common.h */; };
		0F7489C42BBFD98D0044C521 /* b2_contact_manager.h in Sources */ = {isa = PBXBuildFile; fileRef = 0F2D66B62BBFBE7C001FE151 /* b2_contact_manager.h */; };
		0F7489C52BBFD98D0044C521 /* b2_contact.h in Sources */ = {isa = PBXBuildFile; fileRef = 0F2D66B72BBFBE7C001FE151 /* b2_contact.h */; };
		0F7489C62BBFD98D0044C521 /* b2_distance_joint.h in Sources */ = {isa = PBXBuildFile; fileRef = 0F2D66B82BBFBE7C001FE151 /* b2_distance_joint.h */; };
		0F7489C72BBFD98D0044C521 /* b2_distance.h in Sources */ = {isa = PBXBuildFile; fileRef = 0F2D66B92BBFBE7C001FE151 /* b2_distance.h */; };
		0F7489C82BBFD98D0044C521 /* b2_draw.h in Sources */ = {isa = PBXBuildFile; fileRef = 0F2D66BA2BBFBE7C001FE151 /* b2_draw.h */; };
		0F7489C92BBFD98D0044C521 /* b2_dynamic_tree.h in Sources */ = {isa = PBXBuildFile; fileRef = 0F2D66BB2BBFBE7C001FE151 /* b2_dynamic_tree.h */; };
		0F7489CA2BBFD98D0044C521 /* b2_edge_shape.h in Sources */ = {isa = PBXBuildFile; fileRef = 0F2D66BC2BBFBE7C001FE151 /* b2_edge_shape.h */; };
		0F7489CB2BBFD98D0044C521 /* b2_fixture.h in Sources */ = {isa = PBXBuildFile; fileRef = 0F2D66BD2BBFBE7C001FE151 /* b2_fixture.h */; };
		0F7489CC2BBFD98D0044C521 /* b2_friction_joint.h in Sources */ = {isa = PBXBuildFile; fileRef = 0F2D66BE2BBFBE7C001FE151 /* b2_friction_joint.h */; };
		0F7489CD2BBFD98D0044C521 /* b2_gear_joint.h in Sources */ = {isa = PBXBuildFile; fileRef = 0F2D66BF2BBFBE7C001FE151 /* b2_gear_joint.h */; };
		0F7489CE2BBFD98D0044C521 /* b2_growable_stack.h in Sources */ = {isa = PBXBuildFile; fileRef = 0F2D66C02BBFBE7C001FE151 /* b2_growable_stack.h */; };
		0F7489CF2BBFD98D0044C521 /* b2_joint.h in Sources */ = {isa = PBXBuildFile; fileRef = 0F2D66C12BBFBE7C001FE151 /* b2_joint.h */; };
		0F7489D02BBFD98D0044C521 /* b2_math.h in Sources */ = {isa = PBXBuildFile; fileRef = 0F2D66C22BBFBE7C001FE151 /* b2_math.h */; };
		0F7489D12BBFD98D0044C521 /* b2_motor_joint.h in Sources */ = {isa = PBXBuildFile; fileRef = 0F2D66C32BBFBE7C001FE151 /* b2_motor_joint.h */; };
		0F7489D22BBFD98D0044C521 /* b2_mouse_joint.h in Sources */ = {isa = PBXBuildFile; fileRef = 0F2D66C42BBFBE7C001FE151 /* b2_mouse_joint.h */; };
		0F7489D32BBFD98D0044C521 /* b2_polygon_shape.h in Sources */ = {isa = PBXBuildFile; fileRef = 0F2D66C52BBFBE7C001FE151 /* b2_polygon_shape.h */; };
		0F7489D42BBFD98D0044C521 /* b2_prismatic_joint.h in Sources */ = {isa = PBXBuildFile; fileRef = 0F2D66C62BBFBE7C001FE151 /* b2_prismatic_joint.h */; };
		0F7489D52BBFD98D0044C521 /* b2_pulley_joint.h in Sources */ = {isa = PBXBuildFile; fileRef = 0F2D66C72BBFBE7C001FE151 /* b2_pulley_joint.h */; };
		0F7489D62BBFD98D0044C521 /* b2_revolute_joint.h in Sources */ = {isa = PBXBuildFile; fileRef = 0F2D66C82BBFBE7C001FE151 /* b2_revolute_joint.h */; };
		0F7489D72BBFD98D0044C521 /* b2_rope.h in Sources */ = {isa = PBXBuildFile; fileRef = 0F2D66C92BBFBE7C001FE151 /* b2_rope.h */; };
		0F7489D82BBFD98D0044C521 /* b2_settings.h in Sources */ = {isa = PBXBuildFile; fileRef = 0F2D66CA2BBFBE7C001FE151 /* b2_settings.h */; };
		0F7489D92BBFD98D0044C521 /* b2_shape.h in Sources */ = {isa = PBXBuildFile; fileRef = 0F2D66CB2BBFBE7C001FE151 /* b2_shape.h */; };
		0F7489DA2BBFD98D0044C521 /* b2_stack_allocator.h in Sources */ = {isa = PBXBuildFile; fileRef = 0F2D66CC2BBFBE7C001FE151 /* b2_stack_allocator.h */; };
		0F7489DB2BBFD98D0044C521 /* b2_time_of_impact.h in Sources */ = {isa = PBXBuildFile; fileRef = 0F2D66CD2BBFBE7C001FE151 /* b2_time_of_impact.h */; };
		0F7489DC2BBFD98D0044C521 /* b2_time_step.h in Sources */ = {isa = PBXBuildFile; fileRef = 0F2D66CE2BBFBE7C001FE151 /* b2_time_step.h */; };
		0F7489DD2BBFD98D0044C521 /* b2_timer.h in Sources */ = {isa = PBXBuildFile; fileRef = 0F2D66CF2BBFBE7C001FE151 /* b2_timer.h */; };
		0F7489DE2BBFD98D0044C521 /* b2_types.h in Sources */ = {isa = PBXBuildFile; fileRef = 0F2D66D02BBFBE7C001FE151 /* b2_types.h */; };
		0F7489DF2BBFD98D0044C521 /* b2_weld_joint.h in Sources */ = {isa = PBXBuildFile; fileRef = 0F2D66D12BBFBE7C001FE151 /* b2_weld_joint.h */; };
		0F7489E02BBFD98D0044C521 /* b2_wheel_joint.h in Sources */ = {isa = PBXBuildFile; fileRef = 0F2D66D22BBFBE7C001FE151 /* b2_wheel_joint.h */; };
		0F7489E12BBFD98D0044C521 /* b2_world_callbacks.h in Sources */ = {isa = PBXBuildFile; fileRef = 0F2D66D32BBFBE7C001FE151 /* b2_world_callbacks.h */; };
		0F7489E22BBFD98D0044C521 /* b2_world.h in Sources */ = {isa = PBXBuildFile; fileRef = 0F2D66D42BBFBE7C001FE151 /* b2_world.h */; };
		0F7489E32BBFD98D0044C521 /* box2d.h in Sources */ = {isa = PBXBuildFile; fileRef = 0F2D66D52BBFBE7C001FE151 /* box2d.h */; };
		0F748A202BBFDB8B0044C521 /* b2_broad_phase.cpp in Sources */ = {isa = PBXBuildFile; fileRef = 0F7489E42BBFDB6D0044C521 /* b2_broad_phase.cpp */; };
		0F748A212BBFDB8B0044C521 /* b2_chain_shape.cpp in Sources */ = {isa = PBXBuildFile; fileRef = 0F7489E52BBFDB6D0044C521 /* b2_chain_shape.cpp */; };
		0F748A222BBFDB8B0044C521 /* b2_circle_shape.cpp in Sources */ = {isa = PBXBuildFile; fileRef = 0F7489E62BBFDB6D0044C521 /* b2_circle_shape.cpp */; };
		0F748A232BBFDB8B0044C521 /* b2_collide_circle.cpp in Sources */ = {isa = PBXBuildFile; fileRef = 0F7489E72BBFDB6D0044C521 /* b2_collide_circle.cpp */; };
		0F748A242BBFDB8B0044C521 /* b2_collide_edge.cpp in Sources */ = {isa = PBXBuildFile; fileRef = 0F7489E82BBFDB6D0044C521 /* b2_collide_edge.cpp */; };
		0F748A252BBFDB8B0044C521 /* b2_collide_polygon.cpp in Sources */ = {isa = PBXBuildFile; fileRef = 0F7489E92BBFDB6D0044C521 /* b2_collide_polygon.cpp */; };
		0F748A262BBFDB8B0044C521 /* b2_collision.cpp in Sources */ = {isa = PBXBuildFile; fileRef = 0F7489EA2BBFDB6D0044C521 /* b2_collision.cpp */; };
		0F748A272BBFDB8B0044C521 /* b2_distance.cpp in Sources */ = {isa = PBXBuildFile; fileRef = 0F7489EB2BBFDB6D0044C521 /* b2_distance.cpp */; };
		0F748A282BBFDB8B0044C521 /* b2_dynamic_tree.cpp in Sources */ = {isa = PBXBuildFile; fileRef = 0F7489EC2BBFDB6D0044C521 /* b2_dynamic_tree.cpp */; };
		0F748A292BBFDB8B0044C521 /* b2_edge_shape.cpp in Sources */ = {isa = PBXBuildFile; fileRef = 0F7489ED2BBFDB6D0044C521 /* b2_edge_shape.cpp */; };
		0F748A2A2BBFDB8B0044C521 /* b2_polygon_shape.cpp in Sources */ = {isa = PBXBuildFile; fileRef = 0F7489EE2BBFDB6D0044C521 /* b2_polygon_shape.cpp */; };
		0F748A2B2BBFDB8B0044C521 /* b2_time_of_impact.cpp in Sources */ = {isa = PBXBuildFile; fileRef = 0F7489EF2BBFDB6D0044C521 /* b2_time_of_impact.cpp */; };
		0F748A2C2BBFDB8B0044C521 /* b2_block_allocator.cpp in Sources */ = {isa = PBXBuildFile; fileRef = 0F7489F12BBFDB6D0044C521 /* b2_block_allocator.cpp */; };
		0F748A2D2BBFDB8B0044C521 /* b2_draw.cpp in Sources */ = {isa = PBXBuildFile; fileRef = 0F7489F22BBFDB6D0044C521 /* b2_draw.cpp */; };
		0F748A2E2BBFDB8B0044C521 /* b2_math.cpp in Sources */ = {isa = PBXBuildFile; fileRef = 0F7489F32BBFDB6D0044C521 /* b2_math.cpp */; };
		0F748A2F2BBFDB8B0044C521 /* b2_settings.cpp in Sources */ = {isa = PBXBuildFile; fileRef = 0F7489F42BBFDB6D0044C521 /* b2_settings.cpp */; };
		0F748A302BBFDB8B0044C521 /* b2_stack_allocator.cpp in Sources */ = {isa = PBXBuildFile; fileRef = 0F7489F52BBFDB6D0044C521 /* b2_stack_allocator.cpp */; };
		0F748A312BBFDB8B0044C521 /* b2_timer.cpp in Sources */ = {isa = PBXBuildFile; fileRef = 0F7489F62BBFDB6D0044C521 /* b2_timer.cpp */; };
		0F748A322BBFDB8B0044C521 /* b2_body.cpp in Sources */ = {isa = PBXBuildFile; fileRef = 0F7489F82BBFDB6D0044C521 /* b2_body.cpp */; };
		0F748A332BBFDB8B0044C521 /* b2_chain_circle_contact.cpp in Sources */ = {isa = PBXBuildFile; fileRef = 0F7489F92BBFDB6D0044C521 /* b2_chain_circle_contact.cpp */; };
		0F748A342BBFDB8B0044C521 /* b2_chain_circle_contact.h in Sources */ = {isa = PBXBuildFile; fileRef = 0F7489FA2BBFDB6D0044C521 /* b2_chain_circle_contact.h */; };
		0F748A352BBFDB8B0044C521 /* b2_chain_polygon_contact.cpp in Sources */ = {isa = PBXBuildFile; fileRef = 0F7489FB2BBFDB6D0044C521 /* b2_chain_polygon_contact.cpp */; };
		0F748A362BBFDB8B0044C521 /* b2_chain_polygon_contact.h in Sources */ = {isa = PBXBuildFile; fileRef = 0F7489FC2BBFDB6D0044C521 /* b2_chain_polygon_contact.h */; };
		0F748A372BBFDB8B0044C521 /* b2_circle_contact.cpp in Sources */ = {isa = PBXBuildFile; fileRef = 0F7489FD2BBFDB6D0044C521 /* b2_circle_contact.cpp */; };
		0F748A382BBFDB8B0044C521 /* b2_circle_contact.h in Sources */ = {isa = PBXBuildFile; fileRef = 0F7489FE2BBFDB6D0044C521 /* b2_circle_contact.h */; };
		0F748A392BBFDB8B0044C521 /* b2_contact_manager.cpp in Sources */ = {isa = PBXBuildFile; fileRef = 0F7489FF2BBFDB6D0044C521 /* b2_contact_manager.cpp */; };
		0F748A3A2BBFDB8B0044C521 /* b2_contact_solver.cpp in Sources */ = {isa = PBXBuildFile; fileRef = 0F748A002BBFDB6D0044C521 /* b2_contact_solver.cpp */; };
		0F748A3B2BBFDB8B0044C521 /* b2_contact_solver.h in Sources */ = {isa = PBXBuildFile; fileRef = 0F748A012BBFDB6D0044C521 /* b2_contact_solver.h */; };
		0F748A3C2BBFDB8B0044C521 /* b2_contact.cpp in Sources */ = {isa = PBXBuildFile; fileRef = 0F748A022BBFDB6D0044C521 /* b2_contact.cpp */; };
		0F748A3D2BBFDB8B0044C521 /* b2_distance_joint.cpp in Sources */ = {isa = PBXBuildFile; fileRef = 0F748A032BBFDB6D0044C521 /* b2_distance_joint.cpp */; };
		0F748A3E2BBFDB8B0044C521 /* b2_edge_circle_contact.cpp in Sources */ = {isa = PBXBuildFile; fileRef = 0F748A042BBFDB6D0044C521 /* b2_edge_circle_contact.cpp */; };
		0F748A3F2BBFDB8B0044C521 /* b2_edge_circle_contact.h in Sources */ = {isa = PBXBuildFile; fileRef = 0F748A052BBFDB6D0044C521 /* b2_edge_circle_contact.h */; };
		0F748A402BBFDB8B0044C521 /* b2_edge_polygon_contact.cpp in Sources */ = {isa = PBXBuildFile; fileRef = 0F748A062BBFDB6D0044C521 /* b2_edge_polygon_contact.cpp */; };
		0F748A412BBFDB8B0044C521 /* b2_edge_polygon_contact.h in Sources */ = {isa = PBXBuildFile; fileRef = 0F748A072BBFDB6D0044C521 /* b2_edge_polygon_contact.h */; };
		0F748A422BBFDB8B0044C521 /* b2_fixture.cpp in Sources */ = {isa = PBXBuildFile; fileRef = 0F748A082BBFDB6D0044C521 /* b2_fixture.cpp */; };
		0F748A432BBFDB8B0044C521 /* b2_friction_joint.cpp in Sources */ = {isa = PBXBuildFile; fileRef = 0F748A092BBFDB6D0044C521 /* b2_friction_joint.cpp */; };
		0F748A442BBFDB8B0044C521 /* b2_gear_joint.cpp in Sources */ = {isa = PBXBuildFile; fileRef = 0F748A0A2BBFDB6D0044C521 /* b2_gear_joint.cpp */; };
		0F748A452BBFDB8B0044C521 /* b2_island.cpp in Sources */ = {isa = PBXBuildFile; fileRef = 0F748A0B2BBFDB6D0044C521 /* b2_island.cpp */; };
		0F748A462BBFDB8B0044C521 /* b2_island.h in Sources */ = {isa = PBXBuildFile; fileRef = 0F748A0C2BBFDB6D0044C521 /* b2_island.h */; };
		0F748A472BBFDB8B0044C521 /* b2_joint.cpp in Sources */ = {isa = PBXBuildFile; fileRef = 0F748A0D2BBFDB6D0044C521 /* b2_joint.cpp */; };
		0F748A482BBFDB8B0044C521 /* b2_motor_joint.cpp in Sources */ = {isa = PBXBuildFile; fileRef = 0F748A0E2BBFDB6D0044C521 /* b2_motor_joint.cpp */; };
		0F748A492BBFDB8B0044C521 /* b2_mouse_joint.cpp in Sources */ = {isa = PBXBuildFile; fileRef = 0F748A0F2BBFDB6D0044C521 /* b2_mouse_joint.cpp */; };
		0F748A4A2BBFDB8B0044C521 /* b2_polygon_circle_contact.cpp in Sources */ = {isa = PBXBuildFile; fileRef = 0F748A102BBFDB6D0044C521 /* b2_polygon_circle_contact.cpp */; };
		0F748A4B2BBFDB8B0044C521 /* b2_polygon_circle_contact.h in Sources */ = {isa = PBXBuildFile; fileRef = 0F748A112BBFDB6D0044C521 /* b2_polygon_circle_contact.h */; };
		0F748A4C2BBFDB8B0044C521 /* b2_polygon_contact.cpp in Sources */ = {isa = PBXBuildFile; fileRef = 0F748A122BBFDB6D0044C521 /* b2_polygon_contact.cpp */; };
		0F748A4D2BBFDB8B0044C521 /* b2_polygon_contact.h in Sources */ = {isa = PBXBuildFile; fileRef = 0F748A132BBFDB6D0044C521 /* b2_polygon_contact.h */; };
		0F748A4E2BBFDB8B0044C521 /* b2_prismatic_joint.cpp in Sources */ = {isa = PBXBuildFile; fileRef = 0F748A142BBFDB6D0044C521 /* b2_prismatic_joint.cpp */; };
		0F748A4F2BBFDB8B0044C521 /* b2_pulley_joint.cpp in Sources */ = {isa = PBXBuildFile; fileRef = 0F748A152BBFDB6D0044C521 /* b2_pulley_joint.cpp */; };
		0F748A502BBFDB8B0044C521 /* b2_revolute_joint.cpp in Sources */ = {isa = PBXBuildFile; fileRef = 0F748A162BBFDB6D0044C521 /* b2_revolute_joint.cpp */; };
		0F748A512BBFDB8B0044C521 /* b2_weld_joint.cpp in Sources */ = {isa = PBXBuildFile; fileRef = 0F748A172BBFDB6D0044C521 /* b2_weld_joint.cpp */; };
		0F748A522BBFDB8B0044C521 /* b2_wheel_joint.cpp in Sources */ = {isa = PBXBuildFile; fileRef = 0F748A182BBFDB6D0044C521 /* b2_wheel_joint.cpp */; };
		0F748A532BBFDB8B0044C521 /* b2_world_callbacks.cpp in Sources */ = {isa = PBXBuildFile; fileRef = 0F748A192BBFDB6D0044C521 /* b2_world_callbacks.cpp */; };
		0F748A542BBFDB8B0044C521 /* b2_world.cpp in Sources */ = {isa = PBXBuildFile; fileRef = 0F748A1A2BBFDB6D0044C521 /* b2_world.cpp */; };
		0F748A552BBFDB8B0044C521 /* b2_rope.cpp in Sources */ = {isa = PBXBuildFile; fileRef = 0F748A1C2BBFDB6D0044C521 /* b2_rope.cpp */; };
		0F748B232BC104DE0044C521 /* DrawingRequest.h in Sources */ = {isa = PBXBuildFile; fileRef = 0F2D65122BBBF701001FE151 /* DrawingRequest.h */; };
		0F748B242BC104DE0044C521 /* Physics.h in Sources */ = {isa = PBXBuildFile; fileRef = 0F2D66E02BBFC924001FE151 /* Physics.h */; };
		0F748B252BC104DE0044C521 /* Rigidbody.h in Sources */ = {isa = PBXBuildFile; fileRef = 0F2D66DF2BBFC845001FE151 /* Rigidbody.h */; };
		0F748B262BC104DE0044C521 /* RenderLayer.h in Sources */ = {isa = PBXBuildFile; fileRef = 0F2D65422BBC3387001FE151 /* RenderLayer.h */; };
		0F748B282BC104DE0044C521 /* Audio.h in Sources */ = {isa = PBXBuildFile; fileRef = 0F2D65202BBC1618001FE151 /* Audio.h */; };
		0F748B292BC104DE0044C521 /* Renderer.h in Sources */ = {isa = PBXBuildFile; fileRef = 0F2D65112BBBF2A8001FE151 /* Renderer.h */; };
		0F748B2A2BC104DE0044C521 /* Image.h in Sources */ = {isa = PBXBuildFile; fileRef = 0F2D65352BBC1D5C001FE151 /* Image.h */; };
		0F748B2B2BC104DE0044C521 /* Text.h in Sources */ = {isa = PBXBuildFile; fileRef = 0F2D65042BBBE9B8001FE151 /* Text.h */; };
		0F7A48C82BB3CC3E002B631A /* lapi.c in Sources */ = {isa = PBXBuildFile; fileRef = 0F7A488B2BB3CC36002B631A /* lapi.c */; };
		0F7A48C92BB3CC3E002B631A /* lapi.h in Sources */ = {isa = PBXBuildFile; fileRef = 0F7A488C2BB3CC36002B631A /* lapi.h */; };
		0F7A48CA2BB3CC3E002B631A /* lauxlib.c in Sources */ = {isa = PBXBuildFile; fileRef = 0F7A488D2BB3CC36002B631A /* lauxlib.c */; };
		0F7A48CB2BB3CC3E002B631A /* lauxlib.h in Sources */ = {isa = PBXBuildFile; fileRef = 0F7A488E2BB3CC36002B631A /* lauxlib.h */; };
		0F7A48CC2BB3CC3E002B631A /* lbaselib.c in Sources */ = {isa = PBXBuildFile; fileRef = 0F7A488F2BB3CC36002B631A /* lbaselib.c */; };
		0F7A48CD2BB3CC3E002B631A /* lcode.c in Sources */ = {isa = PBXBuildFile; fileRef = 0F7A48902BB3CC36002B631A /* lcode.c */; };
		0F7A48CE2BB3CC3E002B631A /* lcode.h in Sources */ = {isa = PBXBuildFile; fileRef = 0F7A48912BB3CC36002B631A /* lcode.h */; };
		0F7A48CF2BB3CC3E002B631A /* lcorolib.c in Sources */ = {isa = PBXBuildFile; fileRef = 0F7A48922BB3CC36002B631A /* lcorolib.c */; };
		0F7A48D02BB3CC3E002B631A /* lctype.c in Sources */ = {isa = PBXBuildFile; fileRef = 0F7A48932BB3CC36002B631A /* lctype.c */; };
		0F7A48D12BB3CC3E002B631A /* lctype.h in Sources */ = {isa = PBXBuildFile; fileRef = 0F7A48942BB3CC36002B631A /* lctype.h */; };
		0F7A48D22BB3CC3E002B631A /* ldblib.c in Sources */ = {isa = PBXBuildFile; fileRef = 0F7A48952BB3CC36002B631A /* ldblib.c */; };
		0F7A48D32BB3CC3E002B631A /* ldebug.c in Sources */ = {isa = PBXBuildFile; fileRef = 0F7A48962BB3CC36002B631A /* ldebug.c */; };
		0F7A48D42BB3CC3E002B631A /* ldebug.h in Sources */ = {isa = PBXBuildFile; fileRef = 0F7A48972BB3CC36002B631A /* ldebug.h */; };
		0F7A48D52BB3CC3E002B631A /* ldo.c in Sources */ = {isa = PBXBuildFile; fileRef = 0F7A48982BB3CC36002B631A /* ldo.c */; };
		0F7A48D62BB3CC3E002B631A /* ldo.h in Sources */ = {isa = PBXBuildFile; fileRef = 0F7A48992BB3CC36002B631A /* ldo.h */; };
		0F7A48D72BB3CC3E002B631A /* ldump.c in Sources */ = {isa = PBXBuildFile; fileRef = 0F7A489A2BB3CC36002B631A /* ldump.c */; };
		0F7A48D82BB3CC3E002B631A /* lfunc.c in Sources */ = {isa = PBXBuildFile; fileRef = 0F7A489B2BB3CC36002B631A /* lfunc.c */; };
		0F7A48D92BB3CC3E002B631A /* lfunc.h in Sources */ = {isa = PBXBuildFile; fileRef = 0F7A489C2BB3CC36002B631A /* lfunc.h */; };
		0F7A48DA2BB3CC3E002B631A /* lgc.c in Sources */ = {isa = PBXBuildFile; fileRef = 0F7A489D2BB3CC36002B631A /* lgc.c */; };
		0F7A48DB2BB3CC3E002B631A /* lgc.h in Sources */ = {isa = PBXBuildFile; fileRef = 0F7A489E2BB3CC36002B631A /* lgc.h */; };
		0F7A48DC2BB3CC3E002B631A /* linit.c in Sources */ = {isa = PBXBuildFile; fileRef = 0F7A489F2BB3CC36002B631A /* linit.c */; };
		0F7A48DD2BB3CC3E002B631A /* liolib.c in Sources */ = {isa = PBXBuildFile; fileRef = 0F7A48A02BB3CC36002B631A /* liolib.c */; };
		0F7A48DE2BB3CC3E002B631A /* ljumptab.h in Sources */ = {isa = PBXBuildFile; fileRef = 0F7A48A12BB3CC36002B631A /* ljumptab.h */; };
		0F7A48DF2BB3CC3E002B631A /* llex.c in Sources */ = {isa = PBXBuildFile; fileRef = 0F7A48A22BB3CC36002B631A /* llex.c */; };
		0F7A48E02BB3CC3E002B631A /* llex.h in Sources */ = {isa = PBXBuildFile; fileRef = 0F7A48A32BB3CC36002B631A /* llex.h */; };
		0F7A48E12BB3CC3E002B631A /* llimits.h in Sources */ = {isa = PBXBuildFile; fileRef = 0F7A48A42BB3CC36002B631A /* llimits.h */; };
		0F7A48E22BB3CC3E002B631A /* lmathlib.c in Sources */ = {isa = PBXBuildFile; fileRef = 0F7A48A52BB3CC36002B631A /* lmathlib.c */; };
		0F7A48E32BB3CC3E002B631A /* lmem.c in Sources */ = {isa = PBXBuildFile; fileRef = 0F7A48A62BB3CC36002B631A /* lmem.c */; };
		0F7A48E42BB3CC3E002B631A /* lmem.h in Sources */ = {isa = PBXBuildFile; fileRef = 0F7A48A72BB3CC36002B631A /* lmem.h */; };
		0F7A48E52BB3CC3E002B631A /* loadlib.c in Sources */ = {isa = PBXBuildFile; fileRef = 0F7A48A82BB3CC36002B631A /* loadlib.c */; };
		0F7A48E62BB3CC3E002B631A /* lobject.c in Sources */ = {isa = PBXBuildFile; fileRef = 0F7A48A92BB3CC36002B631A /* lobject.c */; };
		0F7A48E72BB3CC3E002B631A /* lobject.h in Sources */ = {isa = PBXBuildFile; fileRef = 0F7A48AA2BB3CC36002B631A /* lobject.h */; };
		0F7A48E82BB3CC3E002B631A /* lopcodes.c in Sources */ = {isa = PBXBuildFile; fileRef = 0F7A48AB2BB3CC36002B631A /* lopcodes.c */; };
		0F7A48E92BB3CC3E002B631A /* lopcodes.h in Sources */ = {isa = PBXBuildFile; fileRef = 0F7A48AC2BB3CC36002B631A /* lopcodes.h */; };
		0F7A48EA2BB3CC3E002B631A /* lopnames.h in Sources */ = {isa = PBXBuildFile; fileRef = 0F7A48AD2BB3CC36002B631A /* lopnames.h */; };
		0F7A48EB2BB3CC3E002B631A /* loslib.c in Sources */ = {isa = PBXBuildFile; fileRef = 0F7A48AE2BB3CC36002B631A /* loslib.c */; };
		0F7A48EC2BB3CC3E002B631A /* lparser.c in Sources */ = {isa = PBXBuildFile; fileRef = 0F7A48AF2BB3CC36002B631A /* lparser.c */; };
		0F7A48ED2BB3CC3E002B631A /* lparser.h in Sources */ = {isa = PBXBuildFile; fileRef = 0F7A48B02BB3CC36002B631A /* lparser.h */; };
		0F7A48EE2BB3CC3E002B631A /* lprefix.h in Sources */ = {isa = PBXBuildFile; fileRef = 0F7A48B12BB3CC36002B631A /* lprefix.h */; };
		0F7A48EF2BB3CC3E002B631A /* lstate.c in Sources */ = {isa = PBXBuildFile; fileRef = 0F7A48B22BB3CC36002B631A /* lstate.c */; };
		0F7A48F02BB3CC3E002B631A /* lstate.h in Sources */ = {isa = PBXBuildFile; fileRef = 0F7A48B32BB3CC36002B631A /* lstate.h */; };
		0F7A48F12BB3CC3E002B631A /* lstring.c in Sources */ = {isa = PBXBuildFile; fileRef = 0F7A48B42BB3CC36002B631A /* lstring.c */; };
		0F7A48F22BB3CC3E002B631A /* lstring.h in Sources */ = {isa = PBXBuildFile; fileRef = 0F7A48B52BB3CC36002B631A /* lstring.h */; };
		0F7A48F32BB3CC3E002B631A /* lstrlib.c in Sources */ = {isa = PBXBuildFile; fileRef = 0F7A48B62BB3CC36002B631A /* lstrlib.c */; };
		0F7A48F42BB3CC3E002B631A /* ltable.c in Sources */ = {isa = PBXBuildFile; fileRef = 0F7A48B72BB3CC36002B631A /* ltable.c */; };
		0F7A48F52BB3CC3E002B631A /* ltable.h in Sources */ = {isa = PBXBuildFile; fileRef = 0F7A48B82BB3CC36002B631A /* ltable.h */; };
		0F7A48F62BB3CC3E002B631A /* ltablib.c in Sources */ = {isa = PBXBuildFile; fileRef = 0F7A48B92BB3CC36002B631A /* ltablib.c */; };
		0F7A48F72BB3CC3E002B631A /* ltm.c in Sources */ = {isa = PBXBuildFile; fileRef = 0F7A48BA2BB3CC36002B631A /* ltm.c */; };
		0F7A48F82BB3CC3E002B631A /* ltm.h in Sources */ = {isa = PBXBuildFile; fileRef = 0F7A48BB2BB3CC36002B631A /* ltm.h */; };
		0F7A48F92BB3CC3E002B631A /* lua.h in Sources */ = {isa = PBXBuildFile; fileRef = 0F7A48BC2BB3CC36002B631A /* lua.h */; };
		0F7A48FA2BB3CC3E002B631A /* lua.hpp in Sources */ = {isa = PBXBuildFile; fileRef = 0F7A48BD2BB3CC36002B631A /* lua.hpp */; };
		0F7A48FB2BB3CC3E002B631A /* luaconf.h in Sources */ = {isa = PBXBuildFile; fileRef = 0F7A48BE2BB3CC36002B631A /* luaconf.h */; };
		0F7A48FC2BB3CC3E002B631A /* lualib.h in Sources */ = {isa = PBXBuildFile; fileRef = 0F7A48BF2BB3CC36002B631A /* lualib.h */; };
		0F7A48FD2BB3CC3E002B631A /* lundump.c in Sources */ = {isa = PBXBuildFile; fileRef = 0F7A48C02BB3CC36002B631A /* lundump.c */; };
		0F7A48FE2BB3CC3E002B631A /* lundump.h in Sources */ = {isa = PBXBuildFile; fileRef = 0F7A48C12BB3CC36002B631A /* lundump.h */; };
		0F7A48FF2BB3CC3E002B631A /* lutf8lib.c in Sources */ = {isa = PBXBuildFile; fileRef = 0F7A48C22BB3CC36002B631A /* lutf8lib.c */; };
		0F7A49002BB3CC3E002B631A /* lvm.c in Sources */ = {isa = PBXBuildFile; fileRef = 0F7A48C32BB3CC36002B631A /* lvm.c */; };
		0F7A49012BB3CC3E002B631A /* lvm.h in Sources */ = {isa = PBXBuildFile; fileRef = 0F7A48C42BB3CC36002B631A /* lvm.h */; };
		0F7A49022BB3CC3E002B631A /* lzio.c in Sources */ = {isa = PBXBuildFile; fileRef = 0F7A48C52BB3CC36002B631A /* lzio.c */; };
		0F7A49032BB3CC3E002B631A /* lzio.h in Sources */ = {isa = PBXBuildFile; fileRef = 0F7A48C62BB3CC36002B631A /* lzio.h */; };
		0F81DF762BB6E79D00818D00 /* Actor.h in Sources */ = {isa = PBXBuildFile; fileRef = 0F6EA1FD2B6B0D7900462EF8 /* Actor.h */; };
		0F81DF772BB6E79D00818D00 /* Scene.cpp in Sources */ = {isa = PBXBuildFile; fileRef = 0F6EA1FA2B6AD9B000462EF8 /* Scene.cpp */; };
		0F81DF782BB6E79D00818D00 /* Component.cpp in Sources */ = {isa = PBXBuildFile; fileRef = 0F7A49382BB3E018002B631A /* Component.cpp */; };
		0F81DF792BB6E79D00818D00 /* Component.h in Sources */ = {isa = PBXBuildFile; fileRef = 0F7A49392BB3E018002B631A /* Component.h */; };
		0F81DF7A2BB6E79D00818D00 /* Input.cpp in Sources */ = {isa = PBXBuildFile; fileRef = 0F7A48242BA23787002B631A /* Input.cpp */; };
		0F81DF7B2BB6E79D00818D00 /* Input.h in Sources */ = {isa = PBXBuildFile; fileRef = 0F7A48252BA23787002B631A /* Input.h */; };
		0F81DF7C2BB6E79D00818D00 /* Game.cpp in Sources */ = {isa = PBXBuildFile; fileRef = 0F7A49452BB552F6002B631A /* Game.cpp */; };
		0F81DF7D2BB6E79D00818D00 /* Game.h in Sources */ = {isa = PBXBuildFile; fileRef = 0F7A49462BB552F6002B631A /* Game.h */; };
		0F81DF7E2BB6E79D00818D00 /* Scene.h in Sources */ = {isa = PBXBuildFile; fileRef = 0F6EA1FB2B6AD9B000462EF8 /* Scene.h */; };
		0F81DF812BB6E79D00818D00 /* EngineUtils.h in Sources */ = {isa = PBXBuildFile; fileRef = 0F6EA1F42B69BE7D00462EF8 /* EngineUtils.h */; };
		0F81DF832BB6E80D00818D00 /* main.cpp in Sources */ = {isa = PBXBuildFile; fileRef = 0F81DF822BB6E80D00818D00 /* main.cpp */; };
		0FA97FD12BC57749006A9C56 /* SDL2_image.framework in Copy Files */ = {isa = PBXBuildFile; fileRef = 0FE58E962BC3133200A04223 /* SDL2_image.framework */; settings = {ATTRIBUTES = (CodeSignOnCopy, RemoveHeadersOnCopy, ); }; };
		0FA97FD22BC57749006A9C56 /* SDL2_mixer.framework in Copy Files */ = {isa = PBXBuildFile; fileRef = 0FE58E942BC3133100A04223 /* SDL2_mixer.framework */; settings = {ATTRIBUTES = (CodeSignOnCopy, RemoveHeadersOnCopy, ); }; };
		0FA97FD32BC57749006A9C56 /* SDL2_ttf.framework in Copy Files */ = {isa = PBXBuildFile; fileRef = 0FE58E972BC3133200A04223 /* SDL2_ttf.framework */; settings = {ATTRIBUTES = (CodeSignOnCopy, RemoveHeadersOnCopy, ); }; };
		0FA97FD42BC57749006A9C56 /* SDL2.framework in Copy Files */ = {isa = PBXBuildFile; fileRef = 0FE58E952BC3133200A04223 /* SDL2.framework */; settings = {ATTRIBUTES = (CodeSignOnCopy, RemoveHeadersOnCopy, ); }; };
		0FE58E9D2BC3135300A04223 /* SDL2.framework in Frameworks */ = {isa = PBXBuildFile; fileRef = 0FE58E952BC3133200A04223 /* SDL2.framework */; };
		0FE58E9E2BC3135300A04223 /* SDL2_ttf.framework in Frameworks */ = {isa = PBXBuildFile; fileRef = 0FE58E972BC3133200A04223 /* SDL2_ttf.framework */; };
		0FE58E9F2BC3135300A04223 /* SDL2_mixer.framework in Frameworks */ = {isa = PBXBuildFile; fileRef = 0FE58E942BC3133100A04223 /* SDL2_mixer.framework */; };
		0FE58EA02BC3135300A04223 /* SDL2_image.framework in Frameworks */ = {isa = PBXBuildFile; fileRef = 0FE58E962BC3133200A04223 /* SDL2_image.framework */; };
/* End PBXBuildFile section */

/* Begin PBXCopyFilesBuildPhase section */
		0FECA3F82B5F27AC000991F2 /* Copy Files */ = {
			isa = PBXCopyFilesBuildPhase;
			buildActionMask = 8;
			dstPath = Frameworks;
			dstSubfolderSpec = 10;
			files = (
				0FA97FD12BC57749006A9C56 /* SDL2_image.framework in Copy Files */,
				0FA97FD22BC57749006A9C56 /* SDL2_mixer.framework in Copy Files */,
				0FA97FD32BC57749006A9C56 /* SDL2_ttf.framework in Copy Files */,
				0FA97FD42BC57749006A9C56 /* SDL2.framework in Copy Files */,
			);
			name = "Copy Files";
			runOnlyForDeploymentPostprocessing = 1;
		};
/* End PBXCopyFilesBuildPhase section */

/* Begin PBXFileReference section */
		0F2D65042BBBE9B8001FE151 /* Text.h */ = {isa = PBXFileReference; lastKnownFileType = sourcecode.c.h; path = Text.h; sourceTree = "<group>"; };
		0F2D65112BBBF2A8001FE151 /* Renderer.h */ = {isa = PBXFileReference; lastKnownFileType = sourcecode.c.h; path = Renderer.h; sourceTree = "<group>"; };
		0F2D65122BBBF701001FE151 /* DrawingRequest.h */ = {isa = PBXFileReference; lastKnownFileType = sourcecode.c.h; path = DrawingRequest.h; sourceTree = "<group>"; };
		0F2D65202BBC1618001FE151 /* Audio.h */ = {isa = PBXFileReference; lastKnownFileType = sourcecode.c.h; path = Audio.h; sourceTree = "<group>"; };
		0F2D65352BBC1D5C001FE151 /* Image.h */ = {isa = PBXFileReference; lastKnownFileType = sourcecode.c.h; path = Image.h; sourceTree = "<group>"; };
		0F2D65422BBC3387001FE151 /* RenderLayer.h */ = {isa = PBXFileReference; lastKnownFileType = sourcecode.c.h; path = RenderLayer.h; sourceTree = "<group>"; };
		0F2D66AE2BBFBE7C001FE151 /* b2_api.h */ = {isa = PBXFileReference; lastKnownFileType = sourcecode.c.h; path = b2_api.h; sourceTree = "<group>"; };
		0F2D66AF2BBFBE7C001FE151 /* b2_block_allocator.h */ = {isa = PBXFileReference; lastKnownFileType = sourcecode.c.h; path = b2_block_allocator.h; sourceTree = "<group>"; };
		0F2D66B02BBFBE7C001FE151 /* b2_body.h */ = {isa = PBXFileReference; lastKnownFileType = sourcecode.c.h; path = b2_body.h; sourceTree = "<group>"; };
		0F2D66B12BBFBE7C001FE151 /* b2_broad_phase.h */ = {isa = PBXFileReference; lastKnownFileType = sourcecode.c.h; path = b2_broad_phase.h; sourceTree = "<group>"; };
		0F2D66B22BBFBE7C001FE151 /* b2_chain_shape.h */ = {isa = PBXFileReference; lastKnownFileType = sourcecode.c.h; path = b2_chain_shape.h; sourceTree = "<group>"; };
		0F2D66B32BBFBE7C001FE151 /* b2_circle_shape.h */ = {isa = PBXFileReference; lastKnownFileType = sourcecode.c.h; path = b2_circle_shape.h; sourceTree = "<group>"; };
		0F2D66B42BBFBE7C001FE151 /* b2_collision.h */ = {isa = PBXFileReference; lastKnownFileType = sourcecode.c.h; path = b2_collision.h; sourceTree = "<group>"; };
		0F2D66B52BBFBE7C001FE151 /* b2_common.h */ = {isa = PBXFileReference; lastKnownFileType = sourcecode.c.h; path = b2_common.h; sourceTree = "<group>"; };
		0F2D66B62BBFBE7C001FE151 /* b2_contact_manager.h */ = {isa = PBXFileReference; lastKnownFileType = sourcecode.c.h; path = b2_contact_manager.h; sourceTree = "<group>"; };
		0F2D66B72BBFBE7C001FE151 /* b2_contact.h */ = {isa = PBXFileReference; lastKnownFileType = sourcecode.c.h; path = b2_contact.h; sourceTree = "<group>"; };
		0F2D66B82BBFBE7C001FE151 /* b2_distance_joint.h */ = {isa = PBXFileReference; lastKnownFileType = sourcecode.c.h; path = b2_distance_joint.h; sourceTree = "<group>"; };
		0F2D66B92BBFBE7C001FE151 /* b2_distance.h */ = {isa = PBXFileReference; lastKnownFileType = sourcecode.c.h; path = b2_distance.h; sourceTree = "<group>"; };
		0F2D66BA2BBFBE7C001FE151 /* b2_draw.h */ = {isa = PBXFileReference; lastKnownFileType = sourcecode.c.h; path = b2_draw.h; sourceTree = "<group>"; };
		0F2D66BB2BBFBE7C001FE151 /* b2_dynamic_tree.h */ = {isa = PBXFileReference; lastKnownFileType = sourcecode.c.h; path = b2_dynamic_tree.h; sourceTree = "<group>"; };
		0F2D66BC2BBFBE7C001FE151 /* b2_edge_shape.h */ = {isa = PBXFileReference; lastKnownFileType = sourcecode.c.h; path = b2_edge_shape.h; sourceTree = "<group>"; };
		0F2D66BD2BBFBE7C001FE151 /* b2_fixture.h */ = {isa = PBXFileReference; lastKnownFileType = sourcecode.c.h; path = b2_fixture.h; sourceTree = "<group>"; };
		0F2D66BE2BBFBE7C001FE151 /* b2_friction_joint.h */ = {isa = PBXFileReference; lastKnownFileType = sourcecode.c.h; path = b2_friction_joint.h; sourceTree = "<group>"; };
		0F2D66BF2BBFBE7C001FE151 /* b2_gear_joint.h */ = {isa = PBXFileReference; lastKnownFileType = sourcecode.c.h; path = b2_gear_joint.h; sourceTree = "<group>"; };
		0F2D66C02BBFBE7C001FE151 /* b2_growable_stack.h */ = {isa = PBXFileReference; lastKnownFileType = sourcecode.c.h; path = b2_growable_stack.h; sourceTree = "<group>"; };
		0F2D66C12BBFBE7C001FE151 /* b2_joint.h */ = {isa = PBXFileReference; lastKnownFileType = sourcecode.c.h; path = b2_joint.h; sourceTree = "<group>"; };
		0F2D66C22BBFBE7C001FE151 /* b2_math.h */ = {isa = PBXFileReference; lastKnownFileType = sourcecode.c.h; path = b2_math.h; sourceTree = "<group>"; };
		0F2D66C32BBFBE7C001FE151 /* b2_motor_joint.h */ = {isa = PBXFileReference; lastKnownFileType = sourcecode.c.h; path = b2_motor_joint.h; sourceTree = "<group>"; };
		0F2D66C42BBFBE7C001FE151 /* b2_mouse_joint.h */ = {isa = PBXFileReference; lastKnownFileType = sourcecode.c.h; path = b2_mouse_joint.h; sourceTree = "<group>"; };
		0F2D66C52BBFBE7C001FE151 /* b2_polygon_shape.h */ = {isa = PBXFileReference; lastKnownFileType = sourcecode.c.h; path = b2_polygon_shape.h; sourceTree = "<group>"; };
		0F2D66C62BBFBE7C001FE151 /* b2_prismatic_joint.h */ = {isa = PBXFileReference; lastKnownFileType = sourcecode.c.h; path = b2_prismatic_joint.h; sourceTree = "<group>"; };
		0F2D66C72BBFBE7C001FE151 /* b2_pulley_joint.h */ = {isa = PBXFileReference; lastKnownFileType = sourcecode.c.h; path = b2_pulley_joint.h; sourceTree = "<group>"; };
		0F2D66C82BBFBE7C001FE151 /* b2_revolute_joint.h */ = {isa = PBXFileReference; lastKnownFileType = sourcecode.c.h; path = b2_revolute_joint.h; sourceTree = "<group>"; };
		0F2D66C92BBFBE7C001FE151 /* b2_rope.h */ = {isa = PBXFileReference; lastKnownFileType = sourcecode.c.h; path = b2_rope.h; sourceTree = "<group>"; };
		0F2D66CA2BBFBE7C001FE151 /* b2_settings.h */ = {isa = PBXFileReference; lastKnownFileType = sourcecode.c.h; path = b2_settings.h; sourceTree = "<group>"; };
		0F2D66CB2BBFBE7C001FE151 /* b2_shape.h */ = {isa = PBXFileReference; lastKnownFileType = sourcecode.c.h; path = b2_shape.h; sourceTree = "<group>"; };
		0F2D66CC2BBFBE7C001FE151 /* b2_stack_allocator.h */ = {isa = PBXFileReference; lastKnownFileType = sourcecode.c.h; path = b2_stack_allocator.h; sourceTree = "<group>"; };
		0F2D66CD2BBFBE7C001FE151 /* b2_time_of_impact.h */ = {isa = PBXFileReference; lastKnownFileType = sourcecode.c.h; path = b2_time_of_impact.h; sourceTree = "<group>"; };
		0F2D66CE2BBFBE7C001FE151 /* b2_time_step.h */ = {isa = PBXFileReference; lastKnownFileType = sourcecode.c.h; path = b2_time_step.h; sourceTree = "<group>"; };
		0F2D66CF2BBFBE7C001FE151 /* b2_timer.h */ = {isa = PBXFileReference; lastKnownFileType = sourcecode.c.h; path = b2_timer.h; sourceTree = "<group>"; };
		0F2D66D02BBFBE7C001FE151 /* b2_types.h */ = {isa = PBXFileReference; lastKnownFileType = sourcecode.c.h; path = b2_types.h; sourceTree = "<group>"; };
		0F2D66D12BBFBE7C001FE151 /* b2_weld_joint.h */ = {isa = PBXFileReference; lastKnownFileType = sourcecode.c.h; path = b2_weld_joint.h; sourceTree = "<group>"; };
		0F2D66D22BBFBE7C001FE151 /* b2_wheel_joint.h */ = {isa = PBXFileReference; lastKnownFileType = sourcecode.c.h; path = b2_wheel_joint.h; sourceTree = "<group>"; };
		0F2D66D32BBFBE7C001FE151 /* b2_world_callbacks.h */ = {isa = PBXFileReference; lastKnownFileType = sourcecode.c.h; path = b2_world_callbacks.h; sourceTree = "<group>"; };
		0F2D66D42BBFBE7C001FE151 /* b2_world.h */ = {isa = PBXFileReference; lastKnownFileType = sourcecode.c.h; path = b2_world.h; sourceTree = "<group>"; };
		0F2D66D52BBFBE7C001FE151 /* box2d.h */ = {isa = PBXFileReference; lastKnownFileType = sourcecode.c.h; path = box2d.h; sourceTree = "<group>"; };
		0F2D66DF2BBFC845001FE151 /* Rigidbody.h */ = {isa = PBXFileReference; lastKnownFileType = sourcecode.c.h; path = Rigidbody.h; sourceTree = "<group>"; };
		0F2D66E02BBFC924001FE151 /* Physics.h */ = {isa = PBXFileReference; lastKnownFileType = sourcecode.c.h; path = Physics.h; sourceTree = "<group>"; };
		0F5D23382BC1BAF5007883BC /* RaycastCallback.h */ = {isa = PBXFileReference; lastKnownFileType = sourcecode.c.h; path = RaycastCallback.h; sourceTree = "<group>"; };
		0F5D24AF2BC25977007883BC /* Event.h */ = {isa = PBXFileReference; lastKnownFileType = sourcecode.c.h; path = Event.h; sourceTree = "<group>"; };
		0F6EA1F42B69BE7D00462EF8 /* EngineUtils.h */ = {isa = PBXFileReference; lastKnownFileType = sourcecode.c.h; path = EngineUtils.h; sourceTree = "<group>"; };
		0F6EA1FA2B6AD9B000462EF8 /* Scene.cpp */ = {isa = PBXFileReference; lastKnownFileType = sourcecode.cpp.cpp; path = Scene.cpp; sourceTree = "<group>"; };
		0F6EA1FB2B6AD9B000462EF8 /* Scene.h */ = {isa = PBXFileReference; lastKnownFileType = sourcecode.c.h; path = Scene.h; sourceTree = "<group>"; };
		0F6EA1FD2B6B0D7900462EF8 /* Actor.h */ = {isa = PBXFileReference; lastKnownFileType = sourcecode.c.h; path = Actor.h; sourceTree = "<group>"; };
		0F7489E42BBFDB6D0044C521 /* b2_broad_phase.cpp */ = {isa = PBXFileReference; lastKnownFileType = sourcecode.cpp.cpp; path = b2_broad_phase.cpp; sourceTree = "<group>"; };
		0F7489E52BBFDB6D0044C521 /* b2_chain_shape.cpp */ = {isa = PBXFileReference; lastKnownFileType = sourcecode.cpp.cpp; path = b2_chain_shape.cpp; sourceTree = "<group>"; };
		0F7489E62BBFDB6D0044C521 /* b2_circle_shape.cpp */ = {isa = PBXFileReference; lastKnownFileType = sourcecode.cpp.cpp; path = b2_circle_shape.cpp; sourceTree = "<group>"; };
		0F7489E72BBFDB6D0044C521 /* b2_collide_circle.cpp */ = {isa = PBXFileReference; lastKnownFileType = sourcecode.cpp.cpp; path = b2_collide_circle.cpp; sourceTree = "<group>"; };
		0F7489E82BBFDB6D0044C521 /* b2_collide_edge.cpp */ = {isa = PBXFileReference; lastKnownFileType = sourcecode.cpp.cpp; path = b2_collide_edge.cpp; sourceTree = "<group>"; };
		0F7489E92BBFDB6D0044C521 /* b2_collide_polygon.cpp */ = {isa = PBXFileReference; lastKnownFileType = sourcecode.cpp.cpp; path = b2_collide_polygon.cpp; sourceTree = "<group>"; };
		0F7489EA2BBFDB6D0044C521 /* b2_collision.cpp */ = {isa = PBXFileReference; lastKnownFileType = sourcecode.cpp.cpp; path = b2_collision.cpp; sourceTree = "<group>"; };
		0F7489EB2BBFDB6D0044C521 /* b2_distance.cpp */ = {isa = PBXFileReference; lastKnownFileType = sourcecode.cpp.cpp; path = b2_distance.cpp; sourceTree = "<group>"; };
		0F7489EC2BBFDB6D0044C521 /* b2_dynamic_tree.cpp */ = {isa = PBXFileReference; lastKnownFileType = sourcecode.cpp.cpp; path = b2_dynamic_tree.cpp; sourceTree = "<group>"; };
		0F7489ED2BBFDB6D0044C521 /* b2_edge_shape.cpp */ = {isa = PBXFileReference; lastKnownFileType = sourcecode.cpp.cpp; path = b2_edge_shape.cpp; sourceTree = "<group>"; };
		0F7489EE2BBFDB6D0044C521 /* b2_polygon_shape.cpp */ = {isa = PBXFileReference; lastKnownFileType = sourcecode.cpp.cpp; path = b2_polygon_shape.cpp; sourceTree = "<group>"; };
		0F7489EF2BBFDB6D0044C521 /* b2_time_of_impact.cpp */ = {isa = PBXFileReference; lastKnownFileType = sourcecode.cpp.cpp; path = b2_time_of_impact.cpp; sourceTree = "<group>"; };
		0F7489F12BBFDB6D0044C521 /* b2_block_allocator.cpp */ = {isa = PBXFileReference; lastKnownFileType = sourcecode.cpp.cpp; path = b2_block_allocator.cpp; sourceTree = "<group>"; };
		0F7489F22BBFDB6D0044C521 /* b2_draw.cpp */ = {isa = PBXFileReference; lastKnownFileType = sourcecode.cpp.cpp; path = b2_draw.cpp; sourceTree = "<group>"; };
		0F7489F32BBFDB6D0044C521 /* b2_math.cpp */ = {isa = PBXFileReference; lastKnownFileType = sourcecode.cpp.cpp; path = b2_math.cpp; sourceTree = "<group>"; };
		0F7489F42BBFDB6D0044C521 /* b2_settings.cpp */ = {isa = PBXFileReference; lastKnownFileType = sourcecode.cpp.cpp; path = b2_settings.cpp; sourceTree = "<group>"; };
		0F7489F52BBFDB6D0044C521 /* b2_stack_allocator.cpp */ = {isa = PBXFileReference; lastKnownFileType = sourcecode.cpp.cpp; path = b2_stack_allocator.cpp; sourceTree = "<group>"; };
		0F7489F62BBFDB6D0044C521 /* b2_timer.cpp */ = {isa = PBXFileReference; lastKnownFileType = sourcecode.cpp.cpp; path = b2_timer.cpp; sourceTree = "<group>"; };
		0F7489F82BBFDB6D0044C521 /* b2_body.cpp */ = {isa = PBXFileReference; lastKnownFileType = sourcecode.cpp.cpp; path = b2_body.cpp; sourceTree = "<group>"; };
		0F7489F92BBFDB6D0044C521 /* b2_chain_circle_contact.cpp */ = {isa = PBXFileReference; lastKnownFileType = sourcecode.cpp.cpp; path = b2_chain_circle_contact.cpp; sourceTree = "<group>"; };
		0F7489FA2BBFDB6D0044C521 /* b2_chain_circle_contact.h */ = {isa = PBXFileReference; lastKnownFileType = sourcecode.c.h; path = b2_chain_circle_contact.h; sourceTree = "<group>"; };
		0F7489FB2BBFDB6D0044C521 /* b2_chain_polygon_contact.cpp */ = {isa = PBXFileReference; lastKnownFileType = sourcecode.cpp.cpp; path = b2_chain_polygon_contact.cpp; sourceTree = "<group>"; };
		0F7489FC2BBFDB6D0044C521 /* b2_chain_polygon_contact.h */ = {isa = PBXFileReference; lastKnownFileType = sourcecode.c.h; path = b2_chain_polygon_contact.h; sourceTree = "<group>"; };
		0F7489FD2BBFDB6D0044C521 /* b2_circle_contact.cpp */ = {isa = PBXFileReference; lastKnownFileType = sourcecode.cpp.cpp; path = b2_circle_contact.cpp; sourceTree = "<group>"; };
		0F7489FE2BBFDB6D0044C521 /* b2_circle_contact.h */ = {isa = PBXFileReference; lastKnownFileType = sourcecode.c.h; path = b2_circle_contact.h; sourceTree = "<group>"; };
		0F7489FF2BBFDB6D0044C521 /* b2_contact_manager.cpp */ = {isa = PBXFileReference; lastKnownFileType = sourcecode.cpp.cpp; path = b2_contact_manager.cpp; sourceTree = "<group>"; };
		0F748A002BBFDB6D0044C521 /* b2_contact_solver.cpp */ = {isa = PBXFileReference; lastKnownFileType = sourcecode.cpp.cpp; path = b2_contact_solver.cpp; sourceTree = "<group>"; };
		0F748A012BBFDB6D0044C521 /* b2_contact_solver.h */ = {isa = PBXFileReference; lastKnownFileType = sourcecode.c.h; path = b2_contact_solver.h; sourceTree = "<group>"; };
		0F748A022BBFDB6D0044C521 /* b2_contact.cpp */ = {isa = PBXFileReference; lastKnownFileType = sourcecode.cpp.cpp; path = b2_contact.cpp; sourceTree = "<group>"; };
		0F748A032BBFDB6D0044C521 /* b2_distance_joint.cpp */ = {isa = PBXFileReference; lastKnownFileType = sourcecode.cpp.cpp; path = b2_distance_joint.cpp; sourceTree = "<group>"; };
		0F748A042BBFDB6D0044C521 /* b2_edge_circle_contact.cpp */ = {isa = PBXFileReference; lastKnownFileType = sourcecode.cpp.cpp; path = b2_edge_circle_contact.cpp; sourceTree = "<group>"; };
		0F748A052BBFDB6D0044C521 /* b2_edge_circle_contact.h */ = {isa = PBXFileReference; lastKnownFileType = sourcecode.c.h; path = b2_edge_circle_contact.h; sourceTree = "<group>"; };
		0F748A062BBFDB6D0044C521 /* b2_edge_polygon_contact.cpp */ = {isa = PBXFileReference; lastKnownFileType = sourcecode.cpp.cpp; path = b2_edge_polygon_contact.cpp; sourceTree = "<group>"; };
		0F748A072BBFDB6D0044C521 /* b2_edge_polygon_contact.h */ = {isa = PBXFileReference; lastKnownFileType = sourcecode.c.h; path = b2_edge_polygon_contact.h; sourceTree = "<group>"; };
		0F748A082BBFDB6D0044C521 /* b2_fixture.cpp */ = {isa = PBXFileReference; lastKnownFileType = sourcecode.cpp.cpp; path = b2_fixture.cpp; sourceTree = "<group>"; };
		0F748A092BBFDB6D0044C521 /* b2_friction_joint.cpp */ = {isa = PBXFileReference; lastKnownFileType = sourcecode.cpp.cpp; path = b2_friction_joint.cpp; sourceTree = "<group>"; };
		0F748A0A2BBFDB6D0044C521 /* b2_gear_joint.cpp */ = {isa = PBXFileReference; lastKnownFileType = sourcecode.cpp.cpp; path = b2_gear_joint.cpp; sourceTree = "<group>"; };
		0F748A0B2BBFDB6D0044C521 /* b2_island.cpp */ = {isa = PBXFileReference; lastKnownFileType = sourcecode.cpp.cpp; path = b2_island.cpp; sourceTree = "<group>"; };
		0F748A0C2BBFDB6D0044C521 /* b2_island.h */ = {isa = PBXFileReference; lastKnownFileType = sourcecode.c.h; path = b2_island.h; sourceTree = "<group>"; };
		0F748A0D2BBFDB6D0044C521 /* b2_joint.cpp */ = {isa = PBXFileReference; lastKnownFileType = sourcecode.cpp.cpp; path = b2_joint.cpp; sourceTree = "<group>"; };
		0F748A0E2BBFDB6D0044C521 /* b2_motor_joint.cpp */ = {isa = PBXFileReference; lastKnownFileType = sourcecode.cpp.cpp; path = b2_motor_joint.cpp; sourceTree = "<group>"; };
		0F748A0F2BBFDB6D0044C521 /* b2_mouse_joint.cpp */ = {isa = PBXFileReference; lastKnownFileType = sourcecode.cpp.cpp; path = b2_mouse_joint.cpp; sourceTree = "<group>"; };
		0F748A102BBFDB6D0044C521 /* b2_polygon_circle_contact.cpp */ = {isa = PBXFileReference; lastKnownFileType = sourcecode.cpp.cpp; path = b2_polygon_circle_contact.cpp; sourceTree = "<group>"; };
		0F748A112BBFDB6D0044C521 /* b2_polygon_circle_contact.h */ = {isa = PBXFileReference; lastKnownFileType = sourcecode.c.h; path = b2_polygon_circle_contact.h; sourceTree = "<group>"; };
		0F748A122BBFDB6D0044C521 /* b2_polygon_contact.cpp */ = {isa = PBXFileReference; lastKnownFileType = sourcecode.cpp.cpp; path = b2_polygon_contact.cpp; sourceTree = "<group>"; };
		0F748A132BBFDB6D0044C521 /* b2_polygon_contact.h */ = {isa = PBXFileReference; lastKnownFileType = sourcecode.c.h; path = b2_polygon_contact.h; sourceTree = "<group>"; };
		0F748A142BBFDB6D0044C521 /* b2_prismatic_joint.cpp */ = {isa = PBXFileReference; lastKnownFileType = sourcecode.cpp.cpp; path = b2_prismatic_joint.cpp; sourceTree = "<group>"; };
		0F748A152BBFDB6D0044C521 /* b2_pulley_joint.cpp */ = {isa = PBXFileReference; lastKnownFileType = sourcecode.cpp.cpp; path = b2_pulley_joint.cpp; sourceTree = "<group>"; };
		0F748A162BBFDB6D0044C521 /* b2_revolute_joint.cpp */ = {isa = PBXFileReference; lastKnownFileType = sourcecode.cpp.cpp; path = b2_revolute_joint.cpp; sourceTree = "<group>"; };
		0F748A172BBFDB6D0044C521 /* b2_weld_joint.cpp */ = {isa = PBXFileReference; lastKnownFileType = sourcecode.cpp.cpp; path = b2_weld_joint.cpp; sourceTree = "<group>"; };
		0F748A182BBFDB6D0044C521 /* b2_wheel_joint.cpp */ = {isa = PBXFileReference; lastKnownFileType = sourcecode.cpp.cpp; path = b2_wheel_joint.cpp; sourceTree = "<group>"; };
		0F748A192BBFDB6D0044C521 /* b2_world_callbacks.cpp */ = {isa = PBXFileReference; lastKnownFileType = sourcecode.cpp.cpp; path = b2_world_callbacks.cpp; sourceTree = "<group>"; };
		0F748A1A2BBFDB6D0044C521 /* b2_world.cpp */ = {isa = PBXFileReference; lastKnownFileType = sourcecode.cpp.cpp; path = b2_world.cpp; sourceTree = "<group>"; };
		0F748A1C2BBFDB6D0044C521 /* b2_rope.cpp */ = {isa = PBXFileReference; lastKnownFileType = sourcecode.cpp.cpp; path = b2_rope.cpp; sourceTree = "<group>"; };
		0F748B132BC102600044C521 /* ContactListener.h */ = {isa = PBXFileReference; lastKnownFileType = sourcecode.c.h; path = ContactListener.h; sourceTree = "<group>"; };
		0F7528C32B7822CF00D99120 /* game_engine.entitlements */ = {isa = PBXFileReference; lastKnownFileType = text.plist.entitlements; path = game_engine.entitlements; sourceTree = "<group>"; };
		0F7A48242BA23787002B631A /* Input.cpp */ = {isa = PBXFileReference; lastKnownFileType = sourcecode.cpp.cpp; path = Input.cpp; sourceTree = "<group>"; };
		0F7A48252BA23787002B631A /* Input.h */ = {isa = PBXFileReference; lastKnownFileType = sourcecode.c.h; path = Input.h; sourceTree = "<group>"; };
		0F7A488B2BB3CC36002B631A /* lapi.c */ = {isa = PBXFileReference; lastKnownFileType = sourcecode.c.c; path = lapi.c; sourceTree = "<group>"; };
		0F7A488C2BB3CC36002B631A /* lapi.h */ = {isa = PBXFileReference; lastKnownFileType = sourcecode.c.h; path = lapi.h; sourceTree = "<group>"; };
		0F7A488D2BB3CC36002B631A /* lauxlib.c */ = {isa = PBXFileReference; lastKnownFileType = sourcecode.c.c; path = lauxlib.c; sourceTree = "<group>"; };
		0F7A488E2BB3CC36002B631A /* lauxlib.h */ = {isa = PBXFileReference; lastKnownFileType = sourcecode.c.h; path = lauxlib.h; sourceTree = "<group>"; };
		0F7A488F2BB3CC36002B631A /* lbaselib.c */ = {isa = PBXFileReference; lastKnownFileType = sourcecode.c.c; path = lbaselib.c; sourceTree = "<group>"; };
		0F7A48902BB3CC36002B631A /* lcode.c */ = {isa = PBXFileReference; lastKnownFileType = sourcecode.c.c; path = lcode.c; sourceTree = "<group>"; };
		0F7A48912BB3CC36002B631A /* lcode.h */ = {isa = PBXFileReference; lastKnownFileType = sourcecode.c.h; path = lcode.h; sourceTree = "<group>"; };
		0F7A48922BB3CC36002B631A /* lcorolib.c */ = {isa = PBXFileReference; lastKnownFileType = sourcecode.c.c; path = lcorolib.c; sourceTree = "<group>"; };
		0F7A48932BB3CC36002B631A /* lctype.c */ = {isa = PBXFileReference; lastKnownFileType = sourcecode.c.c; path = lctype.c; sourceTree = "<group>"; };
		0F7A48942BB3CC36002B631A /* lctype.h */ = {isa = PBXFileReference; lastKnownFileType = sourcecode.c.h; path = lctype.h; sourceTree = "<group>"; };
		0F7A48952BB3CC36002B631A /* ldblib.c */ = {isa = PBXFileReference; lastKnownFileType = sourcecode.c.c; path = ldblib.c; sourceTree = "<group>"; };
		0F7A48962BB3CC36002B631A /* ldebug.c */ = {isa = PBXFileReference; lastKnownFileType = sourcecode.c.c; path = ldebug.c; sourceTree = "<group>"; };
		0F7A48972BB3CC36002B631A /* ldebug.h */ = {isa = PBXFileReference; lastKnownFileType = sourcecode.c.h; path = ldebug.h; sourceTree = "<group>"; };
		0F7A48982BB3CC36002B631A /* ldo.c */ = {isa = PBXFileReference; lastKnownFileType = sourcecode.c.c; path = ldo.c; sourceTree = "<group>"; };
		0F7A48992BB3CC36002B631A /* ldo.h */ = {isa = PBXFileReference; lastKnownFileType = sourcecode.c.h; path = ldo.h; sourceTree = "<group>"; };
		0F7A489A2BB3CC36002B631A /* ldump.c */ = {isa = PBXFileReference; lastKnownFileType = sourcecode.c.c; path = ldump.c; sourceTree = "<group>"; };
		0F7A489B2BB3CC36002B631A /* lfunc.c */ = {isa = PBXFileReference; lastKnownFileType = sourcecode.c.c; path = lfunc.c; sourceTree = "<group>"; };
		0F7A489C2BB3CC36002B631A /* lfunc.h */ = {isa = PBXFileReference; lastKnownFileType = sourcecode.c.h; path = lfunc.h; sourceTree = "<group>"; };
		0F7A489D2BB3CC36002B631A /* lgc.c */ = {isa = PBXFileReference; lastKnownFileType = sourcecode.c.c; path = lgc.c; sourceTree = "<group>"; };
		0F7A489E2BB3CC36002B631A /* lgc.h */ = {isa = PBXFileReference; lastKnownFileType = sourcecode.c.h; path = lgc.h; sourceTree = "<group>"; };
		0F7A489F2BB3CC36002B631A /* linit.c */ = {isa = PBXFileReference; lastKnownFileType = sourcecode.c.c; path = linit.c; sourceTree = "<group>"; };
		0F7A48A02BB3CC36002B631A /* liolib.c */ = {isa = PBXFileReference; lastKnownFileType = sourcecode.c.c; path = liolib.c; sourceTree = "<group>"; };
		0F7A48A12BB3CC36002B631A /* ljumptab.h */ = {isa = PBXFileReference; lastKnownFileType = sourcecode.c.h; path = ljumptab.h; sourceTree = "<group>"; };
		0F7A48A22BB3CC36002B631A /* llex.c */ = {isa = PBXFileReference; lastKnownFileType = sourcecode.c.c; path = llex.c; sourceTree = "<group>"; };
		0F7A48A32BB3CC36002B631A /* llex.h */ = {isa = PBXFileReference; lastKnownFileType = sourcecode.c.h; path = llex.h; sourceTree = "<group>"; };
		0F7A48A42BB3CC36002B631A /* llimits.h */ = {isa = PBXFileReference; lastKnownFileType = sourcecode.c.h; path = llimits.h; sourceTree = "<group>"; };
		0F7A48A52BB3CC36002B631A /* lmathlib.c */ = {isa = PBXFileReference; lastKnownFileType = sourcecode.c.c; path = lmathlib.c; sourceTree = "<group>"; };
		0F7A48A62BB3CC36002B631A /* lmem.c */ = {isa = PBXFileReference; lastKnownFileType = sourcecode.c.c; path = lmem.c; sourceTree = "<group>"; };
		0F7A48A72BB3CC36002B631A /* lmem.h */ = {isa = PBXFileReference; lastKnownFileType = sourcecode.c.h; path = lmem.h; sourceTree = "<group>"; };
		0F7A48A82BB3CC36002B631A /* loadlib.c */ = {isa = PBXFileReference; lastKnownFileType = sourcecode.c.c; path = loadlib.c; sourceTree = "<group>"; };
		0F7A48A92BB3CC36002B631A /* lobject.c */ = {isa = PBXFileReference; lastKnownFileType = sourcecode.c.c; path = lobject.c; sourceTree = "<group>"; };
		0F7A48AA2BB3CC36002B631A /* lobject.h */ = {isa = PBXFileReference; lastKnownFileType = sourcecode.c.h; path = lobject.h; sourceTree = "<group>"; };
		0F7A48AB2BB3CC36002B631A /* lopcodes.c */ = {isa = PBXFileReference; lastKnownFileType = sourcecode.c.c; path = lopcodes.c; sourceTree = "<group>"; };
		0F7A48AC2BB3CC36002B631A /* lopcodes.h */ = {isa = PBXFileReference; lastKnownFileType = sourcecode.c.h; path = lopcodes.h; sourceTree = "<group>"; };
		0F7A48AD2BB3CC36002B631A /* lopnames.h */ = {isa = PBXFileReference; lastKnownFileType = sourcecode.c.h; path = lopnames.h; sourceTree = "<group>"; };
		0F7A48AE2BB3CC36002B631A /* loslib.c */ = {isa = PBXFileReference; lastKnownFileType = sourcecode.c.c; path = loslib.c; sourceTree = "<group>"; };
		0F7A48AF2BB3CC36002B631A /* lparser.c */ = {isa = PBXFileReference; lastKnownFileType = sourcecode.c.c; path = lparser.c; sourceTree = "<group>"; };
		0F7A48B02BB3CC36002B631A /* lparser.h */ = {isa = PBXFileReference; lastKnownFileType = sourcecode.c.h; path = lparser.h; sourceTree = "<group>"; };
		0F7A48B12BB3CC36002B631A /* lprefix.h */ = {isa = PBXFileReference; lastKnownFileType = sourcecode.c.h; path = lprefix.h; sourceTree = "<group>"; };
		0F7A48B22BB3CC36002B631A /* lstate.c */ = {isa = PBXFileReference; lastKnownFileType = sourcecode.c.c; path = lstate.c; sourceTree = "<group>"; };
		0F7A48B32BB3CC36002B631A /* lstate.h */ = {isa = PBXFileReference; lastKnownFileType = sourcecode.c.h; path = lstate.h; sourceTree = "<group>"; };
		0F7A48B42BB3CC36002B631A /* lstring.c */ = {isa = PBXFileReference; lastKnownFileType = sourcecode.c.c; path = lstring.c; sourceTree = "<group>"; };
		0F7A48B52BB3CC36002B631A /* lstring.h */ = {isa = PBXFileReference; lastKnownFileType = sourcecode.c.h; path = lstring.h; sourceTree = "<group>"; };
		0F7A48B62BB3CC36002B631A /* lstrlib.c */ = {isa = PBXFileReference; lastKnownFileType = sourcecode.c.c; path = lstrlib.c; sourceTree = "<group>"; };
		0F7A48B72BB3CC36002B631A /* ltable.c */ = {isa = PBXFileReference; lastKnownFileType = sourcecode.c.c; path = ltable.c; sourceTree = "<group>"; };
		0F7A48B82BB3CC36002B631A /* ltable.h */ = {isa = PBXFileReference; lastKnownFileType = sourcecode.c.h; path = ltable.h; sourceTree = "<group>"; };
		0F7A48B92BB3CC36002B631A /* ltablib.c */ = {isa = PBXFileReference; lastKnownFileType = sourcecode.c.c; path = ltablib.c; sourceTree = "<group>"; };
		0F7A48BA2BB3CC36002B631A /* ltm.c */ = {isa = PBXFileReference; lastKnownFileType = sourcecode.c.c; path = ltm.c; sourceTree = "<group>"; };
		0F7A48BB2BB3CC36002B631A /* ltm.h */ = {isa = PBXFileReference; lastKnownFileType = sourcecode.c.h; path = ltm.h; sourceTree = "<group>"; };
		0F7A48BC2BB3CC36002B631A /* lua.h */ = {isa = PBXFileReference; lastKnownFileType = sourcecode.c.h; path = lua.h; sourceTree = "<group>"; };
		0F7A48BD2BB3CC36002B631A /* lua.hpp */ = {isa = PBXFileReference; lastKnownFileType = sourcecode.cpp.h; path = lua.hpp; sourceTree = "<group>"; };
		0F7A48BE2BB3CC36002B631A /* luaconf.h */ = {isa = PBXFileReference; lastKnownFileType = sourcecode.c.h; path = luaconf.h; sourceTree = "<group>"; };
		0F7A48BF2BB3CC36002B631A /* lualib.h */ = {isa = PBXFileReference; lastKnownFileType = sourcecode.c.h; path = lualib.h; sourceTree = "<group>"; };
		0F7A48C02BB3CC36002B631A /* lundump.c */ = {isa = PBXFileReference; lastKnownFileType = sourcecode.c.c; path = lundump.c; sourceTree = "<group>"; };
		0F7A48C12BB3CC36002B631A /* lundump.h */ = {isa = PBXFileReference; lastKnownFileType = sourcecode.c.h; path = lundump.h; sourceTree = "<group>"; };
		0F7A48C22BB3CC36002B631A /* lutf8lib.c */ = {isa = PBXFileReference; lastKnownFileType = sourcecode.c.c; path = lutf8lib.c; sourceTree = "<group>"; };
		0F7A48C32BB3CC36002B631A /* lvm.c */ = {isa = PBXFileReference; lastKnownFileType = sourcecode.c.c; path = lvm.c; sourceTree = "<group>"; };
		0F7A48C42BB3CC36002B631A /* lvm.h */ = {isa = PBXFileReference; lastKnownFileType = sourcecode.c.h; path = lvm.h; sourceTree = "<group>"; };
		0F7A48C52BB3CC36002B631A /* lzio.c */ = {isa = PBXFileReference; lastKnownFileType = sourcecode.c.c; path = lzio.c; sourceTree = "<group>"; };
		0F7A48C62BB3CC36002B631A /* lzio.h */ = {isa = PBXFileReference; lastKnownFileType = sourcecode.c.h; path = lzio.h; sourceTree = "<group>"; };
		0F7A49042BB3CCA3002B631A /* CFunctions.h */ = {isa = PBXFileReference; lastKnownFileType = sourcecode.c.h; path = CFunctions.h; sourceTree = "<group>"; };
		0F7A49052BB3CCA3002B631A /* ClassInfo.h */ = {isa = PBXFileReference; lastKnownFileType = sourcecode.c.h; path = ClassInfo.h; sourceTree = "<group>"; };
		0F7A49062BB3CCA3002B631A /* Config.h */ = {isa = PBXFileReference; lastKnownFileType = sourcecode.c.h; path = Config.h; sourceTree = "<group>"; };
		0F7A49072BB3CCA3002B631A /* Constructor.h */ = {isa = PBXFileReference; lastKnownFileType = sourcecode.c.h; path = Constructor.h; sourceTree = "<group>"; };
		0F7A49082BB3CCA3002B631A /* dump.h */ = {isa = PBXFileReference; lastKnownFileType = sourcecode.c.h; path = dump.h; sourceTree = "<group>"; };
		0F7A49092BB3CCA3002B631A /* FuncTraits.h */ = {isa = PBXFileReference; lastKnownFileType = sourcecode.c.h; path = FuncTraits.h; sourceTree = "<group>"; };
		0F7A490A2BB3CCA3002B631A /* Iterator.h */ = {isa = PBXFileReference; lastKnownFileType = sourcecode.c.h; path = Iterator.h; sourceTree = "<group>"; };
		0F7A490B2BB3CCA3002B631A /* LuaException.h */ = {isa = PBXFileReference; lastKnownFileType = sourcecode.c.h; path = LuaException.h; sourceTree = "<group>"; };
		0F7A490C2BB3CCA3002B631A /* LuaHelpers.h */ = {isa = PBXFileReference; lastKnownFileType = sourcecode.c.h; path = LuaHelpers.h; sourceTree = "<group>"; };
		0F7A490D2BB3CCA3002B631A /* LuaRef.h */ = {isa = PBXFileReference; lastKnownFileType = sourcecode.c.h; path = LuaRef.h; sourceTree = "<group>"; };
		0F7A490E2BB3CCA3002B631A /* Namespace.h */ = {isa = PBXFileReference; lastKnownFileType = sourcecode.c.h; path = Namespace.h; sourceTree = "<group>"; };
		0F7A490F2BB3CCA3002B631A /* Security.h */ = {isa = PBXFileReference; lastKnownFileType = sourcecode.c.h; path = Security.h; sourceTree = "<group>"; };
		0F7A49102BB3CCA3002B631A /* Stack.h */ = {isa = PBXFileReference; lastKnownFileType = sourcecode.c.h; path = Stack.h; sourceTree = "<group>"; };
		0F7A49112BB3CCA3002B631A /* TypeList.h */ = {isa = PBXFileReference; lastKnownFileType = sourcecode.c.h; path = TypeList.h; sourceTree = "<group>"; };
		0F7A49122BB3CCA3002B631A /* TypeTraits.h */ = {isa = PBXFileReference; lastKnownFileType = sourcecode.c.h; path = TypeTraits.h; sourceTree = "<group>"; };
		0F7A49132BB3CCA3002B631A /* Userdata.h */ = {isa = PBXFileReference; lastKnownFileType = sourcecode.c.h; path = Userdata.h; sourceTree = "<group>"; };
		0F7A49152BB3CCA3002B631A /* Array.h */ = {isa = PBXFileReference; lastKnownFileType = sourcecode.c.h; path = Array.h; sourceTree = "<group>"; };
		0F7A49162BB3CCA3002B631A /* List.h */ = {isa = PBXFileReference; lastKnownFileType = sourcecode.c.h; path = List.h; sourceTree = "<group>"; };
		0F7A49172BB3CCA3002B631A /* LuaBridge.h */ = {isa = PBXFileReference; lastKnownFileType = sourcecode.c.h; path = LuaBridge.h; sourceTree = "<group>"; };
		0F7A49182BB3CCA3002B631A /* Map.h */ = {isa = PBXFileReference; lastKnownFileType = sourcecode.c.h; path = Map.h; sourceTree = "<group>"; };
		0F7A49192BB3CCA3002B631A /* Optional.h */ = {isa = PBXFileReference; lastKnownFileType = sourcecode.c.h; path = Optional.h; sourceTree = "<group>"; };
		0F7A491A2BB3CCA3002B631A /* RefCountedObject.h */ = {isa = PBXFileReference; lastKnownFileType = sourcecode.c.h; path = RefCountedObject.h; sourceTree = "<group>"; };
		0F7A491B2BB3CCA3002B631A /* RefCountedPtr.h */ = {isa = PBXFileReference; lastKnownFileType = sourcecode.c.h; path = RefCountedPtr.h; sourceTree = "<group>"; };
		0F7A491C2BB3CCA3002B631A /* UnorderedMap.h */ = {isa = PBXFileReference; lastKnownFileType = sourcecode.c.h; path = UnorderedMap.h; sourceTree = "<group>"; };
		0F7A491D2BB3CCA3002B631A /* Vector.h */ = {isa = PBXFileReference; lastKnownFileType = sourcecode.c.h; path = Vector.h; sourceTree = "<group>"; };
		0F7A49382BB3E018002B631A /* Component.cpp */ = {isa = PBXFileReference; lastKnownFileType = sourcecode.cpp.cpp; path = Component.cpp; sourceTree = "<group>"; };
		0F7A49392BB3E018002B631A /* Component.h */ = {isa = PBXFileReference; lastKnownFileType = sourcecode.c.h; path = Component.h; sourceTree = "<group>"; };
		0F7A49452BB552F6002B631A /* Game.cpp */ = {isa = PBXFileReference; lastKnownFileType = sourcecode.cpp.cpp; path = Game.cpp; sourceTree = "<group>"; };
		0F7A49462BB552F6002B631A /* Game.h */ = {isa = PBXFileReference; lastKnownFileType = sourcecode.c.h; path = Game.h; sourceTree = "<group>"; };
		0F81DF822BB6E80D00818D00 /* main.cpp */ = {isa = PBXFileReference; lastKnownFileType = sourcecode.cpp.cpp; path = main.cpp; sourceTree = "<group>"; };
		0F8794B22B5FF4B90046B826 /* glm */ = {isa = PBXFileReference; lastKnownFileType = folder; path = glm; sourceTree = "<group>"; };
		0FA97FD52BC577A7006A9C56 /* falling_box.template */ = {isa = PBXFileReference; lastKnownFileType = text; path = falling_box.template; sourceTree = "<group>"; };
		0FA97FD62BC577A7006A9C56 /* falling_circle.template */ = {isa = PBXFileReference; lastKnownFileType = text; path = falling_circle.template; sourceTree = "<group>"; };
		0FA97FD82BC577A7006A9C56 /* Controller.lua */ = {isa = PBXFileReference; lastKnownFileType = text; path = Controller.lua; sourceTree = "<group>"; };
		0FA97FD92BC577A7006A9C56 /* SpriteRenderer.lua */ = {isa = PBXFileReference; lastKnownFileType = text; path = SpriteRenderer.lua; sourceTree = "<group>"; };
		0FA97FDB2BC577A7006A9C56 /* box1.png */ = {isa = PBXFileReference; lastKnownFileType = image.png; path = box1.png; sourceTree = "<group>"; };
		0FA97FDC2BC577A7006A9C56 /* box2.png */ = {isa = PBXFileReference; lastKnownFileType = image.png; path = box2.png; sourceTree = "<group>"; };
		0FA97FDD2BC577A7006A9C56 /* circle.png */ = {isa = PBXFileReference; lastKnownFileType = image.png; path = circle.png; sourceTree = "<group>"; };
		0FA97FDF2BC577A7006A9C56 /* basic.scene */ = {isa = PBXFileReference; lastKnownFileType = text; path = basic.scene; sourceTree = "<group>"; };
		0FA97FE12BC577A7006A9C56 /* game.config */ = {isa = PBXFileReference; lastKnownFileType = text; path = game.config; sourceTree = "<group>"; };
		0FA97FE22BC577A7006A9C56 /* rendering.config */ = {isa = PBXFileReference; lastKnownFileType = text; path = rendering.config; sourceTree = "<group>"; };
		0FDE93492B69B1A5002811C8 /* rapidjson */ = {isa = PBXFileReference; lastKnownFileType = folder; path = rapidjson; sourceTree = "<group>"; };
		0FE58E942BC3133100A04223 /* SDL2_mixer.framework */ = {isa = PBXFileReference; lastKnownFileType = wrapper.framework; path = SDL2_mixer.framework; sourceTree = "<group>"; };
		0FE58E952BC3133200A04223 /* SDL2.framework */ = {isa = PBXFileReference; lastKnownFileType = wrapper.framework; path = SDL2.framework; sourceTree = "<group>"; };
		0FE58E962BC3133200A04223 /* SDL2_image.framework */ = {isa = PBXFileReference; lastKnownFileType = wrapper.framework; path = SDL2_image.framework; sourceTree = "<group>"; };
		0FE58E972BC3133200A04223 /* SDL2_ttf.framework */ = {isa = PBXFileReference; lastKnownFileType = wrapper.framework; path = SDL2_ttf.framework; sourceTree = "<group>"; };
		0FECA3FA2B5F27AC000991F2 /* game_engine */ = {isa = PBXFileReference; explicitFileType = "compiled.mach-o.executable"; includeInIndex = 0; path = game_engine; sourceTree = BUILT_PRODUCTS_DIR; };
/* End PBXFileReference section */

/* Begin PBXFrameworksBuildPhase section */
		0FECA3F72B5F27AC000991F2 /* Frameworks */ = {
			isa = PBXFrameworksBuildPhase;
			buildActionMask = 2147483647;
			files = (
				0FE58E9D2BC3135300A04223 /* SDL2.framework in Frameworks */,
				0FE58E9E2BC3135300A04223 /* SDL2_ttf.framework in Frameworks */,
				0FE58E9F2BC3135300A04223 /* SDL2_mixer.framework in Frameworks */,
				0FE58EA02BC3135300A04223 /* SDL2_image.framework in Frameworks */,
			);
			runOnlyForDeploymentPostprocessing = 0;
		};
/* End PBXFrameworksBuildPhase section */

/* Begin PBXGroup section */
		0F2D66D62BBFBE7C001FE151 /* box2d */ = {
			isa = PBXGroup;
			children = (
				0F2D66AE2BBFBE7C001FE151 /* b2_api.h */,
				0F2D66AF2BBFBE7C001FE151 /* b2_block_allocator.h */,
				0F2D66B02BBFBE7C001FE151 /* b2_body.h */,
				0F2D66B12BBFBE7C001FE151 /* b2_broad_phase.h */,
				0F2D66B22BBFBE7C001FE151 /* b2_chain_shape.h */,
				0F2D66B32BBFBE7C001FE151 /* b2_circle_shape.h */,
				0F2D66B42BBFBE7C001FE151 /* b2_collision.h */,
				0F2D66B52BBFBE7C001FE151 /* b2_common.h */,
				0F2D66B62BBFBE7C001FE151 /* b2_contact_manager.h */,
				0F2D66B72BBFBE7C001FE151 /* b2_contact.h */,
				0F2D66B82BBFBE7C001FE151 /* b2_distance_joint.h */,
				0F2D66B92BBFBE7C001FE151 /* b2_distance.h */,
				0F2D66BA2BBFBE7C001FE151 /* b2_draw.h */,
				0F2D66BB2BBFBE7C001FE151 /* b2_dynamic_tree.h */,
				0F2D66BC2BBFBE7C001FE151 /* b2_edge_shape.h */,
				0F2D66BD2BBFBE7C001FE151 /* b2_fixture.h */,
				0F2D66BE2BBFBE7C001FE151 /* b2_friction_joint.h */,
				0F2D66BF2BBFBE7C001FE151 /* b2_gear_joint.h */,
				0F2D66C02BBFBE7C001FE151 /* b2_growable_stack.h */,
				0F2D66C12BBFBE7C001FE151 /* b2_joint.h */,
				0F2D66C22BBFBE7C001FE151 /* b2_math.h */,
				0F2D66C32BBFBE7C001FE151 /* b2_motor_joint.h */,
				0F2D66C42BBFBE7C001FE151 /* b2_mouse_joint.h */,
				0F2D66C52BBFBE7C001FE151 /* b2_polygon_shape.h */,
				0F2D66C62BBFBE7C001FE151 /* b2_prismatic_joint.h */,
				0F2D66C72BBFBE7C001FE151 /* b2_pulley_joint.h */,
				0F2D66C82BBFBE7C001FE151 /* b2_revolute_joint.h */,
				0F2D66C92BBFBE7C001FE151 /* b2_rope.h */,
				0F2D66CA2BBFBE7C001FE151 /* b2_settings.h */,
				0F2D66CB2BBFBE7C001FE151 /* b2_shape.h */,
				0F2D66CC2BBFBE7C001FE151 /* b2_stack_allocator.h */,
				0F2D66CD2BBFBE7C001FE151 /* b2_time_of_impact.h */,
				0F2D66CE2BBFBE7C001FE151 /* b2_time_step.h */,
				0F2D66CF2BBFBE7C001FE151 /* b2_timer.h */,
				0F2D66D02BBFBE7C001FE151 /* b2_types.h */,
				0F2D66D12BBFBE7C001FE151 /* b2_weld_joint.h */,
				0F2D66D22BBFBE7C001FE151 /* b2_wheel_joint.h */,
				0F2D66D32BBFBE7C001FE151 /* b2_world_callbacks.h */,
				0F2D66D42BBFBE7C001FE151 /* b2_world.h */,
				0F2D66D52BBFBE7C001FE151 /* box2d.h */,
			);
			path = box2d;
			sourceTree = "<group>";
		};
		0F7489F02BBFDB6D0044C521 /* collision */ = {
			isa = PBXGroup;
			children = (
				0F7489E42BBFDB6D0044C521 /* b2_broad_phase.cpp */,
				0F7489E52BBFDB6D0044C521 /* b2_chain_shape.cpp */,
				0F7489E62BBFDB6D0044C521 /* b2_circle_shape.cpp */,
				0F7489E72BBFDB6D0044C521 /* b2_collide_circle.cpp */,
				0F7489E82BBFDB6D0044C521 /* b2_collide_edge.cpp */,
				0F7489E92BBFDB6D0044C521 /* b2_collide_polygon.cpp */,
				0F7489EA2BBFDB6D0044C521 /* b2_collision.cpp */,
				0F7489EB2BBFDB6D0044C521 /* b2_distance.cpp */,
				0F7489EC2BBFDB6D0044C521 /* b2_dynamic_tree.cpp */,
				0F7489ED2BBFDB6D0044C521 /* b2_edge_shape.cpp */,
				0F7489EE2BBFDB6D0044C521 /* b2_polygon_shape.cpp */,
				0F7489EF2BBFDB6D0044C521 /* b2_time_of_impact.cpp */,
			);
			path = collision;
			sourceTree = "<group>";
		};
		0F7489F72BBFDB6D0044C521 /* common */ = {
			isa = PBXGroup;
			children = (
				0F7489F12BBFDB6D0044C521 /* b2_block_allocator.cpp */,
				0F7489F22BBFDB6D0044C521 /* b2_draw.cpp */,
				0F7489F32BBFDB6D0044C521 /* b2_math.cpp */,
				0F7489F42BBFDB6D0044C521 /* b2_settings.cpp */,
				0F7489F52BBFDB6D0044C521 /* b2_stack_allocator.cpp */,
				0F7489F62BBFDB6D0044C521 /* b2_timer.cpp */,
			);
			path = common;
			sourceTree = "<group>";
		};
		0F748A1B2BBFDB6D0044C521 /* dynamics */ = {
			isa = PBXGroup;
			children = (
				0F7489F82BBFDB6D0044C521 /* b2_body.cpp */,
				0F7489F92BBFDB6D0044C521 /* b2_chain_circle_contact.cpp */,
				0F7489FA2BBFDB6D0044C521 /* b2_chain_circle_contact.h */,
				0F7489FB2BBFDB6D0044C521 /* b2_chain_polygon_contact.cpp */,
				0F7489FC2BBFDB6D0044C521 /* b2_chain_polygon_contact.h */,
				0F7489FD2BBFDB6D0044C521 /* b2_circle_contact.cpp */,
				0F7489FE2BBFDB6D0044C521 /* b2_circle_contact.h */,
				0F7489FF2BBFDB6D0044C521 /* b2_contact_manager.cpp */,
				0F748A002BBFDB6D0044C521 /* b2_contact_solver.cpp */,
				0F748A012BBFDB6D0044C521 /* b2_contact_solver.h */,
				0F748A022BBFDB6D0044C521 /* b2_contact.cpp */,
				0F748A032BBFDB6D0044C521 /* b2_distance_joint.cpp */,
				0F748A042BBFDB6D0044C521 /* b2_edge_circle_contact.cpp */,
				0F748A052BBFDB6D0044C521 /* b2_edge_circle_contact.h */,
				0F748A062BBFDB6D0044C521 /* b2_edge_polygon_contact.cpp */,
				0F748A072BBFDB6D0044C521 /* b2_edge_polygon_contact.h */,
				0F748A082BBFDB6D0044C521 /* b2_fixture.cpp */,
				0F748A092BBFDB6D0044C521 /* b2_friction_joint.cpp */,
				0F748A0A2BBFDB6D0044C521 /* b2_gear_joint.cpp */,
				0F748A0B2BBFDB6D0044C521 /* b2_island.cpp */,
				0F748A0C2BBFDB6D0044C521 /* b2_island.h */,
				0F748A0D2BBFDB6D0044C521 /* b2_joint.cpp */,
				0F748A0E2BBFDB6D0044C521 /* b2_motor_joint.cpp */,
				0F748A0F2BBFDB6D0044C521 /* b2_mouse_joint.cpp */,
				0F748A102BBFDB6D0044C521 /* b2_polygon_circle_contact.cpp */,
				0F748A112BBFDB6D0044C521 /* b2_polygon_circle_contact.h */,
				0F748A122BBFDB6D0044C521 /* b2_polygon_contact.cpp */,
				0F748A132BBFDB6D0044C521 /* b2_polygon_contact.h */,
				0F748A142BBFDB6D0044C521 /* b2_prismatic_joint.cpp */,
				0F748A152BBFDB6D0044C521 /* b2_pulley_joint.cpp */,
				0F748A162BBFDB6D0044C521 /* b2_revolute_joint.cpp */,
				0F748A172BBFDB6D0044C521 /* b2_weld_joint.cpp */,
				0F748A182BBFDB6D0044C521 /* b2_wheel_joint.cpp */,
				0F748A192BBFDB6D0044C521 /* b2_world_callbacks.cpp */,
				0F748A1A2BBFDB6D0044C521 /* b2_world.cpp */,
			);
			path = dynamics;
			sourceTree = "<group>";
		};
		0F748A1D2BBFDB6D0044C521 /* rope */ = {
			isa = PBXGroup;
			children = (
				0F748A1C2BBFDB6D0044C521 /* b2_rope.cpp */,
			);
			path = rope;
			sourceTree = "<group>";
		};
		0F7A48C72BB3CC36002B631A /* lua */ = {
			isa = PBXGroup;
			children = (
				0F7A488B2BB3CC36002B631A /* lapi.c */,
				0F7A488C2BB3CC36002B631A /* lapi.h */,
				0F7A488D2BB3CC36002B631A /* lauxlib.c */,
				0F7A488E2BB3CC36002B631A /* lauxlib.h */,
				0F7A488F2BB3CC36002B631A /* lbaselib.c */,
				0F7A48902BB3CC36002B631A /* lcode.c */,
				0F7A48912BB3CC36002B631A /* lcode.h */,
				0F7A48922BB3CC36002B631A /* lcorolib.c */,
				0F7A48932BB3CC36002B631A /* lctype.c */,
				0F7A48942BB3CC36002B631A /* lctype.h */,
				0F7A48952BB3CC36002B631A /* ldblib.c */,
				0F7A48962BB3CC36002B631A /* ldebug.c */,
				0F7A48972BB3CC36002B631A /* ldebug.h */,
				0F7A48982BB3CC36002B631A /* ldo.c */,
				0F7A48992BB3CC36002B631A /* ldo.h */,
				0F7A489A2BB3CC36002B631A /* ldump.c */,
				0F7A489B2BB3CC36002B631A /* lfunc.c */,
				0F7A489C2BB3CC36002B631A /* lfunc.h */,
				0F7A489D2BB3CC36002B631A /* lgc.c */,
				0F7A489E2BB3CC36002B631A /* lgc.h */,
				0F7A489F2BB3CC36002B631A /* linit.c */,
				0F7A48A02BB3CC36002B631A /* liolib.c */,
				0F7A48A12BB3CC36002B631A /* ljumptab.h */,
				0F7A48A22BB3CC36002B631A /* llex.c */,
				0F7A48A32BB3CC36002B631A /* llex.h */,
				0F7A48A42BB3CC36002B631A /* llimits.h */,
				0F7A48A52BB3CC36002B631A /* lmathlib.c */,
				0F7A48A62BB3CC36002B631A /* lmem.c */,
				0F7A48A72BB3CC36002B631A /* lmem.h */,
				0F7A48A82BB3CC36002B631A /* loadlib.c */,
				0F7A48A92BB3CC36002B631A /* lobject.c */,
				0F7A48AA2BB3CC36002B631A /* lobject.h */,
				0F7A48AB2BB3CC36002B631A /* lopcodes.c */,
				0F7A48AC2BB3CC36002B631A /* lopcodes.h */,
				0F7A48AD2BB3CC36002B631A /* lopnames.h */,
				0F7A48AE2BB3CC36002B631A /* loslib.c */,
				0F7A48AF2BB3CC36002B631A /* lparser.c */,
				0F7A48B02BB3CC36002B631A /* lparser.h */,
				0F7A48B12BB3CC36002B631A /* lprefix.h */,
				0F7A48B22BB3CC36002B631A /* lstate.c */,
				0F7A48B32BB3CC36002B631A /* lstate.h */,
				0F7A48B42BB3CC36002B631A /* lstring.c */,
				0F7A48B52BB3CC36002B631A /* lstring.h */,
				0F7A48B62BB3CC36002B631A /* lstrlib.c */,
				0F7A48B72BB3CC36002B631A /* ltable.c */,
				0F7A48B82BB3CC36002B631A /* ltable.h */,
				0F7A48B92BB3CC36002B631A /* ltablib.c */,
				0F7A48BA2BB3CC36002B631A /* ltm.c */,
				0F7A48BB2BB3CC36002B631A /* ltm.h */,
				0F7A48BC2BB3CC36002B631A /* lua.h */,
				0F7A48BD2BB3CC36002B631A /* lua.hpp */,
				0F7A48BE2BB3CC36002B631A /* luaconf.h */,
				0F7A48BF2BB3CC36002B631A /* lualib.h */,
				0F7A48C02BB3CC36002B631A /* lundump.c */,
				0F7A48C12BB3CC36002B631A /* lundump.h */,
				0F7A48C22BB3CC36002B631A /* lutf8lib.c */,
				0F7A48C32BB3CC36002B631A /* lvm.c */,
				0F7A48C42BB3CC36002B631A /* lvm.h */,
				0F7A48C52BB3CC36002B631A /* lzio.c */,
				0F7A48C62BB3CC36002B631A /* lzio.h */,
			);
			path = lua;
			sourceTree = "<group>";
		};
		0F7A49142BB3CCA3002B631A /* detail */ = {
			isa = PBXGroup;
			children = (
				0F7A49042BB3CCA3002B631A /* CFunctions.h */,
				0F7A49052BB3CCA3002B631A /* ClassInfo.h */,
				0F7A49062BB3CCA3002B631A /* Config.h */,
				0F7A49072BB3CCA3002B631A /* Constructor.h */,
				0F7A49082BB3CCA3002B631A /* dump.h */,
				0F7A49092BB3CCA3002B631A /* FuncTraits.h */,
				0F7A490A2BB3CCA3002B631A /* Iterator.h */,
				0F7A490B2BB3CCA3002B631A /* LuaException.h */,
				0F7A490C2BB3CCA3002B631A /* LuaHelpers.h */,
				0F7A490D2BB3CCA3002B631A /* LuaRef.h */,
				0F7A490E2BB3CCA3002B631A /* Namespace.h */,
				0F7A490F2BB3CCA3002B631A /* Security.h */,
				0F7A49102BB3CCA3002B631A /* Stack.h */,
				0F7A49112BB3CCA3002B631A /* TypeList.h */,
				0F7A49122BB3CCA3002B631A /* TypeTraits.h */,
				0F7A49132BB3CCA3002B631A /* Userdata.h */,
			);
			path = detail;
			sourceTree = "<group>";
		};
		0F7A491E2BB3CCA3002B631A /* LuaBridge */ = {
			isa = PBXGroup;
			children = (
				0F7A49142BB3CCA3002B631A /* detail */,
				0F7A49152BB3CCA3002B631A /* Array.h */,
				0F7A49162BB3CCA3002B631A /* List.h */,
				0F7A49172BB3CCA3002B631A /* LuaBridge.h */,
				0F7A49182BB3CCA3002B631A /* Map.h */,
				0F7A49192BB3CCA3002B631A /* Optional.h */,
				0F7A491A2BB3CCA3002B631A /* RefCountedObject.h */,
				0F7A491B2BB3CCA3002B631A /* RefCountedPtr.h */,
				0F7A491C2BB3CCA3002B631A /* UnorderedMap.h */,
				0F7A491D2BB3CCA3002B631A /* Vector.h */,
			);
			path = LuaBridge;
			sourceTree = "<group>";
		};
		0FA97FD72BC577A7006A9C56 /* actor_templates */ = {
			isa = PBXGroup;
			children = (
				0FA97FD52BC577A7006A9C56 /* falling_box.template */,
				0FA97FD62BC577A7006A9C56 /* falling_circle.template */,
			);
			path = actor_templates;
			sourceTree = "<group>";
		};
		0FA97FDA2BC577A7006A9C56 /* component_types */ = {
			isa = PBXGroup;
			children = (
				0FA97FD82BC577A7006A9C56 /* Controller.lua */,
				0FA97FD92BC577A7006A9C56 /* SpriteRenderer.lua */,
			);
			path = component_types;
			sourceTree = "<group>";
		};
		0FA97FDE2BC577A7006A9C56 /* images */ = {
			isa = PBXGroup;
			children = (
				0FA97FDB2BC577A7006A9C56 /* box1.png */,
				0FA97FDC2BC577A7006A9C56 /* box2.png */,
				0FA97FDD2BC577A7006A9C56 /* circle.png */,
			);
			path = images;
			sourceTree = "<group>";
		};
		0FA97FE02BC577A7006A9C56 /* scenes */ = {
			isa = PBXGroup;
			children = (
				0FA97FDF2BC577A7006A9C56 /* basic.scene */,
			);
			path = scenes;
			sourceTree = "<group>";
		};
		0FA97FE32BC577A7006A9C56 /* resources */ = {
			isa = PBXGroup;
			children = (
				0FA97FD72BC577A7006A9C56 /* actor_templates */,
				0FA97FDA2BC577A7006A9C56 /* component_types */,
				0FA97FDE2BC577A7006A9C56 /* images */,
				0FA97FE02BC577A7006A9C56 /* scenes */,
				0FA97FE12BC577A7006A9C56 /* game.config */,
				0FA97FE22BC577A7006A9C56 /* rendering.config */,
			);
			path = resources;
			sourceTree = "<group>";
		};
		0FA97FE52BC57945006A9C56 /* ThirdParty */ = {
			isa = PBXGroup;
			children = (
				0FDE93492B69B1A5002811C8 /* rapidjson */,
				0F8794B22B5FF4B90046B826 /* glm */,
				0F7A491E2BB3CCA3002B631A /* LuaBridge */,
				0F7A48C72BB3CC36002B631A /* lua */,
				0F7489F02BBFDB6D0044C521 /* collision */,
				0F7489F72BBFDB6D0044C521 /* common */,
				0F748A1B2BBFDB6D0044C521 /* dynamics */,
				0F748A1D2BBFDB6D0044C521 /* rope */,
				0F2D66D62BBFBE7C001FE151 /* box2d */,
			);
			path = ThirdParty;
			sourceTree = "<group>";
		};
		0FA97FE62BC57CF7006A9C56 /* InputOutput */ = {
			isa = PBXGroup;
			children = (
				0F7A48242BA23787002B631A /* Input.cpp */,
				0F7A48252BA23787002B631A /* Input.h */,
				0F2D65202BBC1618001FE151 /* Audio.h */,
				0F2D65122BBBF701001FE151 /* DrawingRequest.h */,
				0F2D65422BBC3387001FE151 /* RenderLayer.h */,
				0F2D65112BBBF2A8001FE151 /* Renderer.h */,
				0F2D65352BBC1D5C001FE151 /* Image.h */,
				0F2D65042BBBE9B8001FE151 /* Text.h */,
			);
			path = InputOutput;
			sourceTree = "<group>";
		};
		0FA97FE72BC57D1D006A9C56 /* Physics */ = {
			isa = PBXGroup;
			children = (
				0F2D66E02BBFC924001FE151 /* Physics.h */,
				0F5D23382BC1BAF5007883BC /* RaycastCallback.h */,
				0F2D66DF2BBFC845001FE151 /* Rigidbody.h */,
				0F748B132BC102600044C521 /* ContactListener.h */,
			);
			path = Physics;
			sourceTree = "<group>";
		};
		0FA97FE82BC57DB5006A9C56 /* Core */ = {
			isa = PBXGroup;
			children = (
				0F6EA1FD2B6B0D7900462EF8 /* Actor.h */,
				0F5D24AF2BC25977007883BC /* Event.h */,
				0F6EA1FA2B6AD9B000462EF8 /* Scene.cpp */,
				0F7A49382BB3E018002B631A /* Component.cpp */,
				0F7A49392BB3E018002B631A /* Component.h */,
				0F7A49452BB552F6002B631A /* Game.cpp */,
				0F7A49462BB552F6002B631A /* Game.h */,
				0F6EA1FB2B6AD9B000462EF8 /* Scene.h */,
				0F6EA1F42B69BE7D00462EF8 /* EngineUtils.h */,
				0F81DF822BB6E80D00818D00 /* main.cpp */,
			);
			path = Core;
			sourceTree = "<group>";
		};
		0FE58E9C2BC3134000A04223 /* Frameworks */ = {
			isa = PBXGroup;
			children = (
				0FE58E962BC3133200A04223 /* SDL2_image.framework */,
				0FE58E942BC3133100A04223 /* SDL2_mixer.framework */,
				0FE58E972BC3133200A04223 /* SDL2_ttf.framework */,
				0FE58E952BC3133200A04223 /* SDL2.framework */,
			);
			path = Frameworks;
			sourceTree = "<group>";
		};
		0FECA3F12B5F27AC000991F2 = {
			isa = PBXGroup;
			children = (
				0FA97FE82BC57DB5006A9C56 /* Core */,
				0FA97FE72BC57D1D006A9C56 /* Physics */,
				0FA97FE62BC57CF7006A9C56 /* InputOutput */,
				0FE58E9C2BC3134000A04223 /* Frameworks */,
				0FA97FE52BC57945006A9C56 /* ThirdParty */,
				0FA97FE32BC577A7006A9C56 /* resources */,
				0F7528C32B7822CF00D99120 /* game_engine.entitlements */,
				0FECA3FB2B5F27AC000991F2 /* Products */,
			);
			sourceTree = "<group>";
		};
		0FECA3FB2B5F27AC000991F2 /* Products */ = {
			isa = PBXGroup;
			children = (
				0FECA3FA2B5F27AC000991F2 /* game_engine */,
			);
			name = Products;
			sourceTree = "<group>";
		};
/* End PBXGroup section */

/* Begin PBXNativeTarget section */
		0FECA3F92B5F27AC000991F2 /* game_engine */ = {
			isa = PBXNativeTarget;
			buildConfigurationList = 0FECA4012B5F27AC000991F2 /* Build configuration list for PBXNativeTarget "game_engine" */;
			buildPhases = (
				0FECA3F62B5F27AC000991F2 /* Sources */,
				0FECA3F72B5F27AC000991F2 /* Frameworks */,
				0FECA3F82B5F27AC000991F2 /* Copy Files */,
			);
			buildRules = (
			);
			dependencies = (
			);
			name = game_engine;
			productName = game_engine;
			productReference = 0FECA3FA2B5F27AC000991F2 /* game_engine */;
			productType = "com.apple.product-type.tool";
		};
/* End PBXNativeTarget section */

/* Begin PBXProject section */
		0FECA3F22B5F27AC000991F2 /* Project object */ = {
			isa = PBXProject;
			attributes = {
				BuildIndependentTargetsInParallel = 1;
				LastUpgradeCheck = 1530;
				TargetAttributes = {
					0FECA3F92B5F27AC000991F2 = {
						CreatedOnToolsVersion = 14.3.1;
					};
				};
			};
			buildConfigurationList = 0FECA3F52B5F27AC000991F2 /* Build configuration list for PBXProject "game_engine" */;
			compatibilityVersion = "Xcode 14.0";
			developmentRegion = en;
			hasScannedForEncodings = 0;
			knownRegions = (
				en,
				Base,
			);
			mainGroup = 0FECA3F12B5F27AC000991F2;
			productRefGroup = 0FECA3FB2B5F27AC000991F2 /* Products */;
			projectDirPath = "";
			projectRoot = "";
			targets = (
				0FECA3F92B5F27AC000991F2 /* game_engine */,
			);
		};
/* End PBXProject section */

/* Begin PBXSourcesBuildPhase section */
		0FECA3F62B5F27AC000991F2 /* Sources */ = {
			isa = PBXSourcesBuildPhase;
			buildActionMask = 2147483647;
			files = (
				0F5D24B02BC26027007883BC /* Event.h in Sources */,
				0F5D23392BC1BBBD007883BC /* RaycastCallback.h in Sources */,
				0F748B232BC104DE0044C521 /* DrawingRequest.h in Sources */,
				0F748B242BC104DE0044C521 /* Physics.h in Sources */,
				0F748B252BC104DE0044C521 /* Rigidbody.h in Sources */,
				0F748B262BC104DE0044C521 /* RenderLayer.h in Sources */,
				0F748B282BC104DE0044C521 /* Audio.h in Sources */,
				0F748B292BC104DE0044C521 /* Renderer.h in Sources */,
				0F748B2A2BC104DE0044C521 /* Image.h in Sources */,
				0F748B2B2BC104DE0044C521 /* Text.h in Sources */,
				0F748A202BBFDB8B0044C521 /* b2_broad_phase.cpp in Sources */,
				0F748A212BBFDB8B0044C521 /* b2_chain_shape.cpp in Sources */,
				0F748A222BBFDB8B0044C521 /* b2_circle_shape.cpp in Sources */,
				0F748A232BBFDB8B0044C521 /* b2_collide_circle.cpp in Sources */,
				0F748A242BBFDB8B0044C521 /* b2_collide_edge.cpp in Sources */,
				0F748A252BBFDB8B0044C521 /* b2_collide_polygon.cpp in Sources */,
				0F748A262BBFDB8B0044C521 /* b2_collision.cpp in Sources */,
				0F748A272BBFDB8B0044C521 /* b2_distance.cpp in Sources */,
				0F748A282BBFDB8B0044C521 /* b2_dynamic_tree.cpp in Sources */,
				0F748A292BBFDB8B0044C521 /* b2_edge_shape.cpp in Sources */,
				0F748A2A2BBFDB8B0044C521 /* b2_polygon_shape.cpp in Sources */,
				0F748A2B2BBFDB8B0044C521 /* b2_time_of_impact.cpp in Sources */,
				0F748A2C2BBFDB8B0044C521 /* b2_block_allocator.cpp in Sources */,
				0F748A2D2BBFDB8B0044C521 /* b2_draw.cpp in Sources */,
				0F748A2E2BBFDB8B0044C521 /* b2_math.cpp in Sources */,
				0F748A2F2BBFDB8B0044C521 /* b2_settings.cpp in Sources */,
				0F748A302BBFDB8B0044C521 /* b2_stack_allocator.cpp in Sources */,
				0F748A312BBFDB8B0044C521 /* b2_timer.cpp in Sources */,
				0F748A322BBFDB8B0044C521 /* b2_body.cpp in Sources */,
				0F748A332BBFDB8B0044C521 /* b2_chain_circle_contact.cpp in Sources */,
				0F748A342BBFDB8B0044C521 /* b2_chain_circle_contact.h in Sources */,
				0F748A352BBFDB8B0044C521 /* b2_chain_polygon_contact.cpp in Sources */,
				0F748A362BBFDB8B0044C521 /* b2_chain_polygon_contact.h in Sources */,
				0F748A372BBFDB8B0044C521 /* b2_circle_contact.cpp in Sources */,
				0F748A382BBFDB8B0044C521 /* b2_circle_contact.h in Sources */,
				0F748A392BBFDB8B0044C521 /* b2_contact_manager.cpp in Sources */,
				0F748A3A2BBFDB8B0044C521 /* b2_contact_solver.cpp in Sources */,
				0F748A3B2BBFDB8B0044C521 /* b2_contact_solver.h in Sources */,
				0F748A3C2BBFDB8B0044C521 /* b2_contact.cpp in Sources */,
				0F748A3D2BBFDB8B0044C521 /* b2_distance_joint.cpp in Sources */,
				0F748A3E2BBFDB8B0044C521 /* b2_edge_circle_contact.cpp in Sources */,
				0F748A3F2BBFDB8B0044C521 /* b2_edge_circle_contact.h in Sources */,
				0F748A402BBFDB8B0044C521 /* b2_edge_polygon_contact.cpp in Sources */,
				0F748A412BBFDB8B0044C521 /* b2_edge_polygon_contact.h in Sources */,
				0F748A422BBFDB8B0044C521 /* b2_fixture.cpp in Sources */,
				0F748A432BBFDB8B0044C521 /* b2_friction_joint.cpp in Sources */,
				0F748A442BBFDB8B0044C521 /* b2_gear_joint.cpp in Sources */,
				0F748A452BBFDB8B0044C521 /* b2_island.cpp in Sources */,
				0F748A462BBFDB8B0044C521 /* b2_island.h in Sources */,
				0F748A472BBFDB8B0044C521 /* b2_joint.cpp in Sources */,
				0F748A482BBFDB8B0044C521 /* b2_motor_joint.cpp in Sources */,
				0F748A492BBFDB8B0044C521 /* b2_mouse_joint.cpp in Sources */,
				0F748A4A2BBFDB8B0044C521 /* b2_polygon_circle_contact.cpp in Sources */,
				0F748A4B2BBFDB8B0044C521 /* b2_polygon_circle_contact.h in Sources */,
				0F748A4C2BBFDB8B0044C521 /* b2_polygon_contact.cpp in Sources */,
				0F748A4D2BBFDB8B0044C521 /* b2_polygon_contact.h in Sources */,
				0F748A4E2BBFDB8B0044C521 /* b2_prismatic_joint.cpp in Sources */,
				0F748A4F2BBFDB8B0044C521 /* b2_pulley_joint.cpp in Sources */,
				0F748A502BBFDB8B0044C521 /* b2_revolute_joint.cpp in Sources */,
				0F748A512BBFDB8B0044C521 /* b2_weld_joint.cpp in Sources */,
				0F748A522BBFDB8B0044C521 /* b2_wheel_joint.cpp in Sources */,
				0F748A532BBFDB8B0044C521 /* b2_world_callbacks.cpp in Sources */,
				0F748A542BBFDB8B0044C521 /* b2_world.cpp in Sources */,
				0F748A552BBFDB8B0044C521 /* b2_rope.cpp in Sources */,
				0F7489BC2BBFD98C0044C521 /* b2_api.h in Sources */,
				0F7489BD2BBFD98C0044C521 /* b2_block_allocator.h in Sources */,
				0F7489BE2BBFD98D0044C521 /* b2_body.h in Sources */,
				0F7489BF2BBFD98D0044C521 /* b2_broad_phase.h in Sources */,
				0F7489C02BBFD98D0044C521 /* b2_chain_shape.h in Sources */,
				0F7489C12BBFD98D0044C521 /* b2_circle_shape.h in Sources */,
				0F7489C22BBFD98D0044C521 /* b2_collision.h in Sources */,
				0F7489C32BBFD98D0044C521 /* b2_common.h in Sources */,
				0F7489C42BBFD98D0044C521 /* b2_contact_manager.h in Sources */,
				0F7489C52BBFD98D0044C521 /* b2_contact.h in Sources */,
				0F7489C62BBFD98D0044C521 /* b2_distance_joint.h in Sources */,
				0F7489C72BBFD98D0044C521 /* b2_distance.h in Sources */,
				0F7489C82BBFD98D0044C521 /* b2_draw.h in Sources */,
				0F7489C92BBFD98D0044C521 /* b2_dynamic_tree.h in Sources */,
				0F7489CA2BBFD98D0044C521 /* b2_edge_shape.h in Sources */,
				0F7489CB2BBFD98D0044C521 /* b2_fixture.h in Sources */,
				0F7489CC2BBFD98D0044C521 /* b2_friction_joint.h in Sources */,
				0F7489CD2BBFD98D0044C521 /* b2_gear_joint.h in Sources */,
				0F7489CE2BBFD98D0044C521 /* b2_growable_stack.h in Sources */,
				0F7489CF2BBFD98D0044C521 /* b2_joint.h in Sources */,
				0F7489D02BBFD98D0044C521 /* b2_math.h in Sources */,
				0F7489D12BBFD98D0044C521 /* b2_motor_joint.h in Sources */,
				0F7489D22BBFD98D0044C521 /* b2_mouse_joint.h in Sources */,
				0F7489D32BBFD98D0044C521 /* b2_polygon_shape.h in Sources */,
				0F7489D42BBFD98D0044C521 /* b2_prismatic_joint.h in Sources */,
				0F7489D52BBFD98D0044C521 /* b2_pulley_joint.h in Sources */,
				0F7489D62BBFD98D0044C521 /* b2_revolute_joint.h in Sources */,
				0F7489D72BBFD98D0044C521 /* b2_rope.h in Sources */,
				0F7489D82BBFD98D0044C521 /* b2_settings.h in Sources */,
				0F7489D92BBFD98D0044C521 /* b2_shape.h in Sources */,
				0F7489DA2BBFD98D0044C521 /* b2_stack_allocator.h in Sources */,
				0F7489DB2BBFD98D0044C521 /* b2_time_of_impact.h in Sources */,
				0F7489DC2BBFD98D0044C521 /* b2_time_step.h in Sources */,
				0F7489DD2BBFD98D0044C521 /* b2_timer.h in Sources */,
				0F7489DE2BBFD98D0044C521 /* b2_types.h in Sources */,
				0F7489DF2BBFD98D0044C521 /* b2_weld_joint.h in Sources */,
				0F7489E02BBFD98D0044C521 /* b2_wheel_joint.h in Sources */,
				0F7489E12BBFD98D0044C521 /* b2_world_callbacks.h in Sources */,
				0F7489E22BBFD98D0044C521 /* b2_world.h in Sources */,
				0F7489E32BBFD98D0044C521 /* box2d.h in Sources */,
				0F81DF832BB6E80D00818D00 /* main.cpp in Sources */,
				0F81DF762BB6E79D00818D00 /* Actor.h in Sources */,
				0F81DF772BB6E79D00818D00 /* Scene.cpp in Sources */,
				0F81DF782BB6E79D00818D00 /* Component.cpp in Sources */,
				0F81DF792BB6E79D00818D00 /* Component.h in Sources */,
				0F81DF7A2BB6E79D00818D00 /* Input.cpp in Sources */,
				0F81DF7B2BB6E79D00818D00 /* Input.h in Sources */,
				0F81DF7C2BB6E79D00818D00 /* Game.cpp in Sources */,
				0F81DF7D2BB6E79D00818D00 /* Game.h in Sources */,
				0F81DF7E2BB6E79D00818D00 /* Scene.h in Sources */,
				0F81DF812BB6E79D00818D00 /* EngineUtils.h in Sources */,
				0F7A48C82BB3CC3E002B631A /* lapi.c in Sources */,
				0F7A48C92BB3CC3E002B631A /* lapi.h in Sources */,
				0F7A48CA2BB3CC3E002B631A /* lauxlib.c in Sources */,
				0F7A48CB2BB3CC3E002B631A /* lauxlib.h in Sources */,
				0F7A48CC2BB3CC3E002B631A /* lbaselib.c in Sources */,
				0F7A48CD2BB3CC3E002B631A /* lcode.c in Sources */,
				0F7A48CE2BB3CC3E002B631A /* lcode.h in Sources */,
				0F7A48CF2BB3CC3E002B631A /* lcorolib.c in Sources */,
				0F7A48D02BB3CC3E002B631A /* lctype.c in Sources */,
				0F7A48D12BB3CC3E002B631A /* lctype.h in Sources */,
				0F7A48D22BB3CC3E002B631A /* ldblib.c in Sources */,
				0F7A48D32BB3CC3E002B631A /* ldebug.c in Sources */,
				0F7A48D42BB3CC3E002B631A /* ldebug.h in Sources */,
				0F7A48D52BB3CC3E002B631A /* ldo.c in Sources */,
				0F7A48D62BB3CC3E002B631A /* ldo.h in Sources */,
				0F7A48D72BB3CC3E002B631A /* ldump.c in Sources */,
				0F7A48D82BB3CC3E002B631A /* lfunc.c in Sources */,
				0F7A48D92BB3CC3E002B631A /* lfunc.h in Sources */,
				0F7A48DA2BB3CC3E002B631A /* lgc.c in Sources */,
				0F7A48DB2BB3CC3E002B631A /* lgc.h in Sources */,
				0F7A48DC2BB3CC3E002B631A /* linit.c in Sources */,
				0F7A48DD2BB3CC3E002B631A /* liolib.c in Sources */,
				0F7A48DE2BB3CC3E002B631A /* ljumptab.h in Sources */,
				0F7A48DF2BB3CC3E002B631A /* llex.c in Sources */,
				0F7A48E02BB3CC3E002B631A /* llex.h in Sources */,
				0F7A48E12BB3CC3E002B631A /* llimits.h in Sources */,
				0F7A48E22BB3CC3E002B631A /* lmathlib.c in Sources */,
				0F7A48E32BB3CC3E002B631A /* lmem.c in Sources */,
				0F7A48E42BB3CC3E002B631A /* lmem.h in Sources */,
				0F7A48E52BB3CC3E002B631A /* loadlib.c in Sources */,
				0F7A48E62BB3CC3E002B631A /* lobject.c in Sources */,
				0F7A48E72BB3CC3E002B631A /* lobject.h in Sources */,
				0F7A48E82BB3CC3E002B631A /* lopcodes.c in Sources */,
				0F7A48E92BB3CC3E002B631A /* lopcodes.h in Sources */,
				0F7A48EA2BB3CC3E002B631A /* lopnames.h in Sources */,
				0F7A48EB2BB3CC3E002B631A /* loslib.c in Sources */,
				0F7A48EC2BB3CC3E002B631A /* lparser.c in Sources */,
				0F7A48ED2BB3CC3E002B631A /* lparser.h in Sources */,
				0F7A48EE2BB3CC3E002B631A /* lprefix.h in Sources */,
				0F7A48EF2BB3CC3E002B631A /* lstate.c in Sources */,
				0F7A48F02BB3CC3E002B631A /* lstate.h in Sources */,
				0F7A48F12BB3CC3E002B631A /* lstring.c in Sources */,
				0F34FBE02BC105560083F5B0 /* ContactListener.h in Sources */,
				0F7A48F22BB3CC3E002B631A /* lstring.h in Sources */,
				0F7A48F32BB3CC3E002B631A /* lstrlib.c in Sources */,
				0F7A48F42BB3CC3E002B631A /* ltable.c in Sources */,
				0F7A48F52BB3CC3E002B631A /* ltable.h in Sources */,
				0F7A48F62BB3CC3E002B631A /* ltablib.c in Sources */,
				0F7A48F72BB3CC3E002B631A /* ltm.c in Sources */,
				0F7A48F82BB3CC3E002B631A /* ltm.h in Sources */,
				0F7A48F92BB3CC3E002B631A /* lua.h in Sources */,
				0F7A48FA2BB3CC3E002B631A /* lua.hpp in Sources */,
				0F7A48FB2BB3CC3E002B631A /* luaconf.h in Sources */,
				0F7A48FC2BB3CC3E002B631A /* lualib.h in Sources */,
				0F7A48FD2BB3CC3E002B631A /* lundump.c in Sources */,
				0F7A48FE2BB3CC3E002B631A /* lundump.h in Sources */,
				0F7A48FF2BB3CC3E002B631A /* lutf8lib.c in Sources */,
				0F7A49002BB3CC3E002B631A /* lvm.c in Sources */,
				0F7A49012BB3CC3E002B631A /* lvm.h in Sources */,
				0F7A49022BB3CC3E002B631A /* lzio.c in Sources */,
				0F7A49032BB3CC3E002B631A /* lzio.h in Sources */,
			);
			runOnlyForDeploymentPostprocessing = 0;
		};
/* End PBXSourcesBuildPhase section */

/* Begin XCBuildConfiguration section */
		0FECA3FF2B5F27AC000991F2 /* Debug */ = {
			isa = XCBuildConfiguration;
			buildSettings = {
				ALWAYS_SEARCH_USER_PATHS = NO;
				CLANG_ANALYZER_NONNULL = YES;
				CLANG_ANALYZER_NUMBER_OBJECT_CONVERSION = YES_AGGRESSIVE;
				CLANG_CXX_LANGUAGE_STANDARD = "gnu++20";
				CLANG_ENABLE_MODULES = YES;
				CLANG_ENABLE_OBJC_ARC = YES;
				CLANG_ENABLE_OBJC_WEAK = YES;
				CLANG_WARN_BLOCK_CAPTURE_AUTORELEASING = YES;
				CLANG_WARN_BOOL_CONVERSION = YES;
				CLANG_WARN_COMMA = YES;
				CLANG_WARN_CONSTANT_CONVERSION = YES;
				CLANG_WARN_DEPRECATED_OBJC_IMPLEMENTATIONS = YES;
				CLANG_WARN_DIRECT_OBJC_ISA_USAGE = YES_ERROR;
				CLANG_WARN_DOCUMENTATION_COMMENTS = YES;
				CLANG_WARN_EMPTY_BODY = YES;
				CLANG_WARN_ENUM_CONVERSION = YES;
				CLANG_WARN_INFINITE_RECURSION = YES;
				CLANG_WARN_INT_CONVERSION = YES;
				CLANG_WARN_NON_LITERAL_NULL_CONVERSION = YES;
				CLANG_WARN_OBJC_IMPLICIT_RETAIN_SELF = YES;
				CLANG_WARN_OBJC_LITERAL_CONVERSION = YES;
				CLANG_WARN_OBJC_ROOT_CLASS = YES_ERROR;
				CLANG_WARN_QUOTED_INCLUDE_IN_FRAMEWORK_HEADER = YES;
				CLANG_WARN_RANGE_LOOP_ANALYSIS = YES;
				CLANG_WARN_STRICT_PROTOTYPES = YES;
				CLANG_WARN_SUSPICIOUS_MOVE = YES;
				CLANG_WARN_UNGUARDED_AVAILABILITY = YES_AGGRESSIVE;
				CLANG_WARN_UNREACHABLE_CODE = YES;
				CLANG_WARN__DUPLICATE_METHOD_MATCH = YES;
				COPY_PHASE_STRIP = NO;
				DEAD_CODE_STRIPPING = YES;
				DEBUG_INFORMATION_FORMAT = dwarf;
				ENABLE_STRICT_OBJC_MSGSEND = YES;
				ENABLE_TESTABILITY = YES;
				ENABLE_USER_SCRIPT_SANDBOXING = YES;
				GCC_C_LANGUAGE_STANDARD = gnu11;
				GCC_DYNAMIC_NO_PIC = NO;
				GCC_NO_COMMON_BLOCKS = YES;
				GCC_OPTIMIZATION_LEVEL = 0;
				GCC_PREPROCESSOR_DEFINITIONS = (
					"DEBUG=1",
					"$(inherited)",
				);
				GCC_WARN_64_TO_32_BIT_CONVERSION = YES;
				GCC_WARN_ABOUT_RETURN_TYPE = YES_ERROR;
				GCC_WARN_UNDECLARED_SELECTOR = YES;
				GCC_WARN_UNINITIALIZED_AUTOS = YES_AGGRESSIVE;
				GCC_WARN_UNUSED_FUNCTION = YES;
				GCC_WARN_UNUSED_VARIABLE = YES;
				MACOSX_DEPLOYMENT_TARGET = 13.2;
				MTL_ENABLE_DEBUG_INFO = INCLUDE_SOURCE;
				MTL_FAST_MATH = YES;
				ONLY_ACTIVE_ARCH = YES;
				SDKROOT = macosx;
			};
			name = Debug;
		};
		0FECA4002B5F27AC000991F2 /* Release */ = {
			isa = XCBuildConfiguration;
			buildSettings = {
				ALWAYS_SEARCH_USER_PATHS = NO;
				CLANG_ANALYZER_NONNULL = YES;
				CLANG_ANALYZER_NUMBER_OBJECT_CONVERSION = YES_AGGRESSIVE;
				CLANG_CXX_LANGUAGE_STANDARD = "gnu++20";
				CLANG_ENABLE_MODULES = YES;
				CLANG_ENABLE_OBJC_ARC = YES;
				CLANG_ENABLE_OBJC_WEAK = YES;
				CLANG_WARN_BLOCK_CAPTURE_AUTORELEASING = YES;
				CLANG_WARN_BOOL_CONVERSION = YES;
				CLANG_WARN_COMMA = YES;
				CLANG_WARN_CONSTANT_CONVERSION = YES;
				CLANG_WARN_DEPRECATED_OBJC_IMPLEMENTATIONS = YES;
				CLANG_WARN_DIRECT_OBJC_ISA_USAGE = YES_ERROR;
				CLANG_WARN_DOCUMENTATION_COMMENTS = YES;
				CLANG_WARN_EMPTY_BODY = YES;
				CLANG_WARN_ENUM_CONVERSION = YES;
				CLANG_WARN_INFINITE_RECURSION = YES;
				CLANG_WARN_INT_CONVERSION = YES;
				CLANG_WARN_NON_LITERAL_NULL_CONVERSION = YES;
				CLANG_WARN_OBJC_IMPLICIT_RETAIN_SELF = YES;
				CLANG_WARN_OBJC_LITERAL_CONVERSION = YES;
				CLANG_WARN_OBJC_ROOT_CLASS = YES_ERROR;
				CLANG_WARN_QUOTED_INCLUDE_IN_FRAMEWORK_HEADER = YES;
				CLANG_WARN_RANGE_LOOP_ANALYSIS = YES;
				CLANG_WARN_STRICT_PROTOTYPES = YES;
				CLANG_WARN_SUSPICIOUS_MOVE = YES;
				CLANG_WARN_UNGUARDED_AVAILABILITY = YES_AGGRESSIVE;
				CLANG_WARN_UNREACHABLE_CODE = YES;
				CLANG_WARN__DUPLICATE_METHOD_MATCH = YES;
				COPY_PHASE_STRIP = NO;
				DEAD_CODE_STRIPPING = YES;
				DEBUG_INFORMATION_FORMAT = "dwarf-with-dsym";
				ENABLE_NS_ASSERTIONS = NO;
				ENABLE_STRICT_OBJC_MSGSEND = YES;
				ENABLE_USER_SCRIPT_SANDBOXING = YES;
				GCC_C_LANGUAGE_STANDARD = gnu11;
				GCC_NO_COMMON_BLOCKS = YES;
				GCC_WARN_64_TO_32_BIT_CONVERSION = YES;
				GCC_WARN_ABOUT_RETURN_TYPE = YES_ERROR;
				GCC_WARN_UNDECLARED_SELECTOR = YES;
				GCC_WARN_UNINITIALIZED_AUTOS = YES_AGGRESSIVE;
				GCC_WARN_UNUSED_FUNCTION = YES;
				GCC_WARN_UNUSED_VARIABLE = YES;
				MACOSX_DEPLOYMENT_TARGET = 13.2;
				MTL_ENABLE_DEBUG_INFO = NO;
				MTL_FAST_MATH = YES;
				SDKROOT = macosx;
			};
			name = Release;
		};
		0FECA4022B5F27AC000991F2 /* Debug */ = {
			isa = XCBuildConfiguration;
			buildSettings = {
				CLANG_CXX_LANGUAGE_STANDARD = "c++17";
				CODE_SIGN_ENTITLEMENTS = game_engine.entitlements;
				CODE_SIGN_STYLE = Automatic;
				DEAD_CODE_STRIPPING = YES;
				DEVELOPMENT_TEAM = 9NVF3CTUL9;
				ENABLE_HARDENED_RUNTIME = YES;
				EXCLUDED_RECURSIVE_SEARCH_PATH_SUBDIRECTORIES = "*.nib *.lproj *.gch *.xcode* *.xcassets (*) .DS_Store CVS .svn .git .hg *.pbproj *.pbxproj";
				FRAMEWORK_SEARCH_PATHS = (
					"$(PROJECT_DIR)/Frameworks/**",
					"$(LOCAL_LIBRARY_DIR)/Frameworks",
					"$(PROJECT_DIR)/Frameworks",
				);
				HEADER_SEARCH_PATHS = (
					"$(PROJECT_DIR)",
					"$(PROJECT_DIR)/ThirdParty",
				);
				LD_RUNPATH_SEARCH_PATHS = "$(PROJECT_DIR)/Frameworks";
				PRODUCT_NAME = "$(TARGET_NAME)";
				SYSTEM_HEADER_SEARCH_PATHS = (
					"$(PROJECT_DIR)/Frameworks/SDL2.framework/Versions/A",
					"$(PROJECT_DIR)/Frameworks/SDL2_mixer.framework/Versions/A",
					"$(PROJECT_DIR)/Frameworks/SDL2_ttf.framework/Versions/A",
					"$(PROJECT_DIR)/Frameworks/SDL2_image.framework/Versions/A",
				);
			};
			name = Debug;
		};
		0FECA4032B5F27AC000991F2 /* Release */ = {
			isa = XCBuildConfiguration;
			buildSettings = {
				CLANG_CXX_LANGUAGE_STANDARD = "c++17";
				CODE_SIGN_ENTITLEMENTS = game_engine.entitlements;
				CODE_SIGN_STYLE = Automatic;
				DEAD_CODE_STRIPPING = YES;
				DEVELOPMENT_TEAM = 9NVF3CTUL9;
				ENABLE_HARDENED_RUNTIME = YES;
				EXCLUDED_RECURSIVE_SEARCH_PATH_SUBDIRECTORIES = "*.nib *.lproj *.gch *.xcode* *.xcassets (*) .DS_Store CVS .svn .git .hg *.pbproj *.pbxproj";
				FRAMEWORK_SEARCH_PATHS = (
					"$(PROJECT_DIR)/Frameworks/**",
					"$(LOCAL_LIBRARY_DIR)/Frameworks",
					"$(PROJECT_DIR)/Frameworks",
				);
				HEADER_SEARCH_PATHS = (
					"$(PROJECT_DIR)",
					"$(PROJECT_DIR)/ThirdParty",
				);
				LD_RUNPATH_SEARCH_PATHS = "$(PROJECT_DIR)/Frameworks";
				PRODUCT_NAME = "$(TARGET_NAME)";
				SYSTEM_HEADER_SEARCH_PATHS = (
					"$(PROJECT_DIR)/Frameworks/SDL2.framework/Versions/A",
					"$(PROJECT_DIR)/Frameworks/SDL2_mixer.framework/Versions/A",
					"$(PROJECT_DIR)/Frameworks/SDL2_ttf.framework/Versions/A",
					"$(PROJECT_DIR)/Frameworks/SDL2_image.framework/Versions/A",
				);
			};
			name = Release;
		};
/* End XCBuildConfiguration section */

/* Begin XCConfigurationList section */
		0FECA3F52B5F27AC000991F2 /* Build configuration list for PBXProject "game_engine" */ = {
			isa = XCConfigurationList;
			buildConfigurations = (
				0FECA3FF2B5F27AC000991F2 /* Debug */,
				0FECA4002B5F27AC000991F2 /* Release */,
			);
			defaultConfigurationIsVisible = 0;
			defaultConfigurationName = Release;
		};
		0FECA4012B5F27AC000991F2 /* Build configuration list for PBXNativeTarget "game_engine" */ = {
			isa = XCConfigurationList;
			buildConfigurations = (
				0FECA4022B5F27AC000991F2 /* Debug */,
				0FECA4032B5F27AC000991F2 /* Release */,
			);
			defaultConfigurationIsVisible = 0;
			defaultConfigurationName = Release;
		};
/* End XCConfigurationList section */
	};
	rootObject = 0FECA3F22B5F27AC000991F2 /* Project object */;
}
